// !$*UTF8*$!
{
	archiveVersion = 1;
	classes = {
	};
	objectVersion = 52;
	objects = {

/* Begin PBXBuildFile section */
		0207DA581B56EA530066E2B4 /* Images.xcassets in Resources */ = {isa = PBXBuildFile; fileRef = 0207DA571B56EA530066E2B4 /* Images.xcassets */; };
		1D3623260D0F684500981E51 /* AppDelegate.m in Sources */ = {isa = PBXBuildFile; fileRef = 1D3623250D0F684500981E51 /* AppDelegate.m */; };
		1D60589B0D05DD56006BFB54 /* main.m in Sources */ = {isa = PBXBuildFile; fileRef = 29B97316FDCFA39411CA2CEA /* main.m */; };
		301BF552109A68D80062928A /* libCordova.a in Frameworks */ = {isa = PBXBuildFile; fileRef = 301BF535109A57CC0062928A /* libCordova.a */; settings = {ATTRIBUTES = (Required, ); }; };
		302D95F114D2391D003F00A1 /* MainViewController.m in Sources */ = {isa = PBXBuildFile; fileRef = 302D95EF14D2391D003F00A1 /* MainViewController.m */; };
		302D95F214D2391D003F00A1 /* MainViewController.xib in Resources */ = {isa = PBXBuildFile; fileRef = 302D95F014D2391D003F00A1 /* MainViewController.xib */; };
		6AFF5BF91D6E424B00AB3073 /* CDVLaunchScreen.storyboard in Resources */ = {isa = PBXBuildFile; fileRef = 6AFF5BF81D6E424B00AB3073 /* CDVLaunchScreen.storyboard */; };
		2422ADFC023B489F867EECE4 /* CFCallNumber.m in Sources */ = {isa = PBXBuildFile; fileRef = CB04B64387C6438994250609 /* CFCallNumber.m */; };
		D26048796E7F473DB136D6B7 /* NativePageTransitions.m in Sources */ = {isa = PBXBuildFile; fileRef = BD7255EA361748DE916F2701 /* NativePageTransitions.m */; };
		7E7CDFF37A8A4FCEBD57646A /* AppDelegate+nativepagetransitions.m in Sources */ = {isa = PBXBuildFile; fileRef = EA913B4DFEA146EE9EB550B5 /* AppDelegate+nativepagetransitions.m */; };
		F521993D05FA4630AD51ABE3 /* MEGBluetoothSerial.m in Sources */ = {isa = PBXBuildFile; fileRef = F3A3872625C34EBABF259579 /* MEGBluetoothSerial.m */; };
		E51825A0759B4A829347662F /* CBPeripheral+BTSExtensions.m in Sources */ = {isa = PBXBuildFile; fileRef = E3A8B1BFFE6940BCA0A2FEC1 /* CBPeripheral+BTSExtensions.m */; };
		8BB9D2C134DB48F8A65F130D /* BLE.m in Sources */ = {isa = PBXBuildFile; fileRef = 8DE7DF0EC6554A49AC7C69E2 /* BLE.m */; };
		62E397E346C4430AAE575DC8 /* CoreBluetooth.framework in Frameworks */ = {isa = PBXBuildFile; fileRef = 99A3D811ADC14DBDB4672B77 /* CoreBluetooth.framework */; };
		F4EF1CEC9D164BBD9A6D676A /* UIImage+CropScaleOrientation.m in Sources */ = {isa = PBXBuildFile; fileRef = B3035B545A92496FA0B66A29 /* UIImage+CropScaleOrientation.m */; };
		971712C0FF304E4089E21FB1 /* CDVCamera.m in Sources */ = {isa = PBXBuildFile; fileRef = B07512350F044A0DBD363488 /* CDVCamera.m */; };
		89A6F6CD1E4746B0A707A500 /* CDVJpegHeaderWriter.m in Sources */ = {isa = PBXBuildFile; fileRef = 0D08F7F7E37F4FA1BB40E0C2 /* CDVJpegHeaderWriter.m */; };
		580119484E99444DB44D51B8 /* ImageIO.framework in Frameworks */ = {isa = PBXBuildFile; fileRef = CA8128AFDD0E4BE3A36349BB /* ImageIO.framework */; settings = {ATTRIBUTES = (Weak, ); }; };
		BFDAB904A25342368CA9A49B /* CoreLocation.framework in Frameworks */ = {isa = PBXBuildFile; fileRef = EF0C60382F7B4A809F4E214E /* CoreLocation.framework */; };
		675A866AB2364EAB986F0495 /* AVFoundation.framework in Frameworks */ = {isa = PBXBuildFile; fileRef = 7095D8EE913E4EBD81B5981A /* AVFoundation.framework */; };
		8F74208E79BA451AB226B5D2 /* CTCrop.m in Sources */ = {isa = PBXBuildFile; fileRef = D2BAF7C7A498423686EF8284 /* CTCrop.m */; };
		92D7DF42ECF642C9A0A8229F /* PECropRectView.m in Sources */ = {isa = PBXBuildFile; fileRef = 6E566FB6A66148A58C34C355 /* PECropRectView.m */; };
		99AEEF39AC8B47BB8D260B1B /* PECropView.m in Sources */ = {isa = PBXBuildFile; fileRef = 3A22BA4C87D74408AE988494 /* PECropView.m */; };
		705C121DA340474F8E08AD8F /* PECropViewController.m in Sources */ = {isa = PBXBuildFile; fileRef = C3423313986640C29CA6FCEC /* PECropViewController.m */; };
		6064EDC050D546E0BA5E7DF8 /* PEResizeControl.m in Sources */ = {isa = PBXBuildFile; fileRef = B56F4EB27EDD4AF2B7B07ADF /* PEResizeControl.m */; };
		4B325E6EE3FF49D3BF4A7889 /* UIImage+PECrop.m in Sources */ = {isa = PBXBuildFile; fileRef = D953158C91FD4BEA8CAE6A1F /* UIImage+PECrop.m */; };
		BD31AA357AF84F10B37D8312 /* PEPhotoCropEditor.bundle in Resources */ = {isa = PBXBuildFile; fileRef = ED36F8B0B1F54EAF8D6EDD51 /* PEPhotoCropEditor.bundle */; };
		0C152D93CB2A436E8A867BBC /* QuartzCore.framework in Frameworks */ = {isa = PBXBuildFile; fileRef = DFFA98895EEB4BF389901231 /* QuartzCore.framework */; };
		25BE83AF6B6A48F387876B73 /* CDVDevice.m in Sources */ = {isa = PBXBuildFile; fileRef = CA6E288F5C6149F3BADEC8C8 /* CDVDevice.m */; };
		EC38B36632A946A9979E1C41 /* APPEmailComposer.m in Sources */ = {isa = PBXBuildFile; fileRef = 058B782B2CBD4859982E333E /* APPEmailComposer.m */; };
		1D1088F942CF425D938CFB62 /* APPEmailComposerImpl.m in Sources */ = {isa = PBXBuildFile; fileRef = E73CD2CF75E4407E8623F0B4 /* APPEmailComposerImpl.m */; };
		A856CA2735344623A4C6006B /* MessageUI.framework in Frameworks */ = {isa = PBXBuildFile; fileRef = DE991F070FAB472185A6E897 /* MessageUI.framework */; };
		F7AC8DE8F0A549A49249F9E1 /* FCMPlugin.m in Sources */ = {isa = PBXBuildFile; fileRef = 98FA3F5E575F48A798834B67 /* FCMPlugin.m */; };
		6308C6192D4848E69F39AD8B /* AppDelegate+FCMPlugin.m in Sources */ = {isa = PBXBuildFile; fileRef = F656074760704D5292681695 /* AppDelegate+FCMPlugin.m */; };
		4E562EB7CC904A3F95076CF9 /* FCMPluginIOS9Support.m in Sources */ = {isa = PBXBuildFile; fileRef = A9D33534C7D045A0882E8757 /* FCMPluginIOS9Support.m */; };
		504E8B1711654A89B3FFC38A /* FCMNotificationCenterDelegate.m in Sources */ = {isa = PBXBuildFile; fileRef = 04D101DB98B14AAF98DC2615 /* FCMNotificationCenterDelegate.m */; };
		7B3A2BD2649143C7B7814628 /* GoogleService-Info.plist in Resources */ = {isa = PBXBuildFile; fileRef = 724BC907D8DD43D0AE3C3144 /* GoogleService-Info.plist */; };
		5D71AC7F758C4A5BA499D684 /* libc++.tbd in Frameworks */ = {isa = PBXBuildFile; fileRef = 85A0D952A8F24131B71ABC97 /* libc++.tbd */; };
		38A09298E96845AE8EC12DDF /* libz.tbd in Frameworks */ = {isa = PBXBuildFile; fileRef = 19119C704BE649EEADA7ECF1 /* libz.tbd */; };
		A978B18249924C83A49660EA /* AddressBook.framework in Frameworks */ = {isa = PBXBuildFile; fileRef = 571EADFEC77C477FB50DBC8A /* AddressBook.framework */; };
		BEAFE0153669447F93E2DC97 /* libsqlite3.0.tbd in Frameworks */ = {isa = PBXBuildFile; fileRef = FE602B9619FD4F6A81004AA3 /* libsqlite3.0.tbd */; };
		4120FA6E8AA54795B0DB10EA /* Security.framework in Frameworks */ = {isa = PBXBuildFile; fileRef = 6CA80851744F48F789641AE5 /* Security.framework */; };
		C19FF1128D614400A9AAE54B /* CDVFile.m in Sources */ = {isa = PBXBuildFile; fileRef = C9B61AFE355E4B2A96F99C1A /* CDVFile.m */; };
		FDA0772EC952491F9A553EFB /* CDVLocalFilesystem.m in Sources */ = {isa = PBXBuildFile; fileRef = 5EEB58FC144845A0ACB5EDC0 /* CDVLocalFilesystem.m */; };
		FA2D94F51ADE48C9AE77ED0B /* CDVAssetLibraryFilesystem.m in Sources */ = {isa = PBXBuildFile; fileRef = 34765E322805409CBB9956A6 /* CDVAssetLibraryFilesystem.m */; };
		633374D1E9EA4E1A904E3B9A /* CDVFileTransfer.m in Sources */ = {isa = PBXBuildFile; fileRef = 555A0C1E43F6464AA1E6B763 /* CDVFileTransfer.m */; };
		3CBD403CEFDA404BAAA011CE /* GooglePlus.m in Sources */ = {isa = PBXBuildFile; fileRef = 000E9919DA9F4174BE8D0E28 /* GooglePlus.m */; };
		345FB67CBB8A4C0F86A1AC0D /* CoreText.framework in Frameworks */ = {isa = PBXBuildFile; fileRef = 68B875B85BF94D7389D7B2B8 /* CoreText.framework */; settings = {ATTRIBUTES = (Weak, ); }; };
		8639E11D737443FEAFC9BEE2 /* SafariServices.framework in Frameworks */ = {isa = PBXBuildFile; fileRef = D55C5F6737D04F77B956E714 /* SafariServices.framework */; settings = {ATTRIBUTES = (Weak, ); }; };
		E797974A365B4DF180AFCED7 /* SystemConfiguration.framework in Frameworks */ = {isa = PBXBuildFile; fileRef = 539A48D433F64A8EBF495E42 /* SystemConfiguration.framework */; settings = {ATTRIBUTES = (Weak, ); }; };
		BE6AFA8EC9534273AE595FC8 /* libz.dylib in Frameworks */ = {isa = PBXBuildFile; fileRef = 880FE148A3E04B6DA2DD4966 /* libz.dylib */; settings = {ATTRIBUTES = (Weak, ); }; };
		18D1D70AE694484D81FBB5A7 /* CDVIonicKeyboard.m in Sources */ = {isa = PBXBuildFile; fileRef = A328A1ACEEB946A7AA099702 /* CDVIonicKeyboard.m */; };
		8B2DA41891E24043B2DF56CA /* CDVWKWebViewEngine.m in Sources */ = {isa = PBXBuildFile; fileRef = 7E5D139C016E485BAA691945 /* CDVWKWebViewEngine.m */; };
		E37245974244415F80C369D3 /* CDVWKWebViewUIDelegate.m in Sources */ = {isa = PBXBuildFile; fileRef = 52C20C2B5E12470295E88BAB /* CDVWKWebViewUIDelegate.m */; };
		7B43F5AE46544605833A08F1 /* CDVWKProcessPoolFactory.m in Sources */ = {isa = PBXBuildFile; fileRef = 0881462E2FCA4A748A0CB800 /* CDVWKProcessPoolFactory.m */; };
		F1282D0D1B2F4A8DA483DC07 /* IONAssetHandler.m in Sources */ = {isa = PBXBuildFile; fileRef = E2796DC231194C62A25CEA71 /* IONAssetHandler.m */; };
		52E314C9A97A4CBD988B2FAE /* WebKit.framework in Frameworks */ = {isa = PBXBuildFile; fileRef = C900A2FF3F224EAFB82E2174 /* WebKit.framework */; settings = {ATTRIBUTES = (Weak, ); }; };
		BAAB4369F86445D18610AED5 /* CDVConnection.m in Sources */ = {isa = PBXBuildFile; fileRef = 963759A33A974C20A92C9FDA /* CDVConnection.m */; };
		1DCBEBC7DA4E4992ADB98092 /* CDVReachability.m in Sources */ = {isa = PBXBuildFile; fileRef = 016CF9D4B0C040C395D52AE9 /* CDVReachability.m */; };
		6A04FDB598454653AA8A07A8 /* CoreTelephony.framework in Frameworks */ = {isa = PBXBuildFile; fileRef = EDD5881E77F54402BB4884C3 /* CoreTelephony.framework */; };
		E5DCE1CE01564BEE8D1AE210 /* APPPrinter.m in Sources */ = {isa = PBXBuildFile; fileRef = 2E5EA3360BF1425CA870D030 /* APPPrinter.m */; };
		5A3341977F034C27BB7BF162 /* APPPrinterInfo.m in Sources */ = {isa = PBXBuildFile; fileRef = BD1040C92D4D412482D6B0C8 /* APPPrinterInfo.m */; };
		121D83EC8F0341E684D27B52 /* APPPrinterItem.m in Sources */ = {isa = PBXBuildFile; fileRef = 7E4C5FAC2C154F898CCBF962 /* APPPrinterItem.m */; };
		24D2429D614A4CAB83FE5DA2 /* APPPrinterLayout.m in Sources */ = {isa = PBXBuildFile; fileRef = 64A8E803FACC4FB99C6AE693 /* APPPrinterLayout.m */; };
		253C6FDE58924798BC8056EA /* APPPrinterPaper.m in Sources */ = {isa = PBXBuildFile; fileRef = 041C1FD79B4849459FA7FC42 /* APPPrinterPaper.m */; };
		2834895158534EBE873AB829 /* APPPrinterRenderer.m in Sources */ = {isa = PBXBuildFile; fileRef = BE738BD37929484A97BEBAC0 /* APPPrinterRenderer.m */; };
		2B4A47A80E444B8D84231E11 /* APPPrinterFont.m in Sources */ = {isa = PBXBuildFile; fileRef = 15E9387144E74C5BA0EC52AA /* APPPrinterFont.m */; };
		D27DCCF0D76F4D78B3A68A8B /* APPPrinterUnit.m in Sources */ = {isa = PBXBuildFile; fileRef = FE1A7DB4C49249F981ABFE08 /* APPPrinterUnit.m */; };
		DA3AA40E6B8543E9AD8A6190 /* UIPrintInteractionController+APPPrinter.m in Sources */ = {isa = PBXBuildFile; fileRef = 84D2B64867D2409AA368CC2A /* UIPrintInteractionController+APPPrinter.m */; };
		296DD19BB60840DBA0588139 /* SpeechRecognition.m in Sources */ = {isa = PBXBuildFile; fileRef = C1FE801672E8431DAA35DE9C /* SpeechRecognition.m */; };
		488838AE0E1646DDB7569899 /* Speech.framework in Frameworks */ = {isa = PBXBuildFile; fileRef = 136A180D75E542F393F868B1 /* Speech.framework */; };
		44A90D6007EF4C78BDBCB2CE /* CDVStatusBar.m in Sources */ = {isa = PBXBuildFile; fileRef = 63B3E8BE4C524BFBAD663446 /* CDVStatusBar.m */; };
		CFDD43C7A8214834A7AB0D59 /* SOSPicker.m in Sources */ = {isa = PBXBuildFile; fileRef = D56C901CB6DF40858EDEC7BD /* SOSPicker.m */; };
		B4BCE5864F1C4040AAA4C136 /* FeHourGlass.m in Sources */ = {isa = PBXBuildFile; fileRef = D1BC9BD349C44EAE95FFB7E4 /* FeHourGlass.m */; };
		D31EE32DE6E24B05881F3EE7 /* UIImage+fixOrientation.m in Sources */ = {isa = PBXBuildFile; fileRef = ACA0040D4259452787DFDC6C /* UIImage+fixOrientation.m */; };
		1082E97C7F75491093D4F226 /* GMAlbumsViewCell.m in Sources */ = {isa = PBXBuildFile; fileRef = 2A6C854400754C57B8B21989 /* GMAlbumsViewCell.m */; };
		9F64B933B22B4D50B6282440 /* GMAlbumsViewController.m in Sources */ = {isa = PBXBuildFile; fileRef = AB5A02C344F2447C925E590D /* GMAlbumsViewController.m */; };
		0F8C1396B5C1468887320DF9 /* GMFetchItem.m in Sources */ = {isa = PBXBuildFile; fileRef = 9ECF23ACBC4D428C9B24115A /* GMFetchItem.m */; };
		B3C47C69C40A49BC85F74EE2 /* GMGridViewCell.m in Sources */ = {isa = PBXBuildFile; fileRef = 4F4F190155134ED6B9B09E8D /* GMGridViewCell.m */; };
		D7D3304528C54C5198A51F75 /* GMGridViewController.m in Sources */ = {isa = PBXBuildFile; fileRef = EDE01DA1958B431C8FBB5ABF /* GMGridViewController.m */; };
		5744FE92B32B4B1F97B2656F /* GMImagePickerController.m in Sources */ = {isa = PBXBuildFile; fileRef = 12DC60CB30854ED4BC26EC29 /* GMImagePickerController.m */; };
		0C43127123564A0991B6B669 /* PSYBlockTimer.m in Sources */ = {isa = PBXBuildFile; fileRef = 2F87A3275B11434AADA38649 /* PSYBlockTimer.m */; };
		2FB3CA21CB5D40F99A452061 /* GMPHAsset.m in Sources */ = {isa = PBXBuildFile; fileRef = AA2F99DA15644AD396615C72 /* GMPHAsset.m */; };
		91B11A02AE724182AE914482 /* GMEmptyFolder@1x.png in Resources */ = {isa = PBXBuildFile; fileRef = A5036A1DABBD4756A7888EFB /* GMEmptyFolder@1x.png */; };
		90F91CA08AC94C7CA8071C5A /* GMEmptyFolder@2x.png in Resources */ = {isa = PBXBuildFile; fileRef = 8B61DAA497FE4E54B2D781D2 /* GMEmptyFolder@2x.png */; };
		F4328792C7D84E388D0E7353 /* GMSelected.png in Resources */ = {isa = PBXBuildFile; fileRef = 4F610544484642998E786F9F /* GMSelected.png */; };
		7FB4061061E34D4D9ACBF60D /* GMSelected@2x.png in Resources */ = {isa = PBXBuildFile; fileRef = 561506B2C79A400491EEFFE4 /* GMSelected@2x.png */; };
		1FBE713D2D744E9E80A3F19C /* GMVideoIcon.png in Resources */ = {isa = PBXBuildFile; fileRef = 83337E92A78F415C9AD2606B /* GMVideoIcon.png */; };
		5A1603EC30564E258096315B /* GMVideoIcon@2x.png in Resources */ = {isa = PBXBuildFile; fileRef = 75E24BF882174C88B98F0ED1 /* GMVideoIcon@2x.png */; };
		9DEA03380627443C8CB4AEDB /* ca.lproj in Resources */ = {isa = PBXBuildFile; fileRef = 9DFB9154DD3A47F5BE5DC3DB /* ca.lproj */; };
		C0E2872EADC64A0FAC7EB718 /* de.lproj in Resources */ = {isa = PBXBuildFile; fileRef = 07F495389C674344A5AD72DF /* de.lproj */; };
		CDE37EA8A6DB4AF0A8AD5387 /* en.lproj in Resources */ = {isa = PBXBuildFile; fileRef = 79578AB7253846F5ABF854F6 /* en.lproj */; };
		95877A809B664F1E8F1761A4 /* es.lproj in Resources */ = {isa = PBXBuildFile; fileRef = 18BAA8BC55C94CD5B47711C9 /* es.lproj */; };
		1B3EBBC04E9840239203B089 /* fr.lproj in Resources */ = {isa = PBXBuildFile; fileRef = 342A51F72FB14105B8D59979 /* fr.lproj */; };
		F1E0EAF9FF394408963FBE7D /* it.lproj in Resources */ = {isa = PBXBuildFile; fileRef = 69E08335B0FB4B0E9B4F304A /* it.lproj */; };
		5E4105F475504D24ACC59620 /* pt.lproj in Resources */ = {isa = PBXBuildFile; fileRef = D608691028A843EA92D70AD7 /* pt.lproj */; };
		EEFB8B16D3664670959714F0 /* pl.lproj in Resources */ = {isa = PBXBuildFile; fileRef = 27D1FCD76B304F3F9AE4672A /* pl.lproj */; };
		37FA005253FE4B40ABA13DD7 /* zh-Hans.lproj in Resources */ = {isa = PBXBuildFile; fileRef = 7B6F2CAD734C4357973D4CB6 /* zh-Hans.lproj */; };
		253ECEA297FD47F6B7918C97 /* Accelerate.framework in Frameworks */ = {isa = PBXBuildFile; fileRef = 0E2FF153033A4D68B7B0BE34 /* Accelerate.framework */; };
		CD5A3B2C5E7045448D31E96E /* Photos.framework in Frameworks */ = {isa = PBXBuildFile; fileRef = E709F56DED464A81ADC7F765 /* Photos.framework */; };
		588AF4C70833433DA5F4A444 /* CDVBarcodeScanner.mm in Resources */ = {isa = PBXBuildFile; fileRef = C55C702A378E428AA7BA320B /* CDVBarcodeScanner.mm */; };
		3C16FCBEB3114BFBBDE6CC63 /* scannerOverlay.xib in Resources */ = {isa = PBXBuildFile; fileRef = 663BD42BBF3F45C9B0855D3D /* scannerOverlay.xib */; };
		15B1388878D44D469BC277CA /* CDVBarcodeScanner.bundle in Resources */ = {isa = PBXBuildFile; fileRef = C59654F94DA34BCBBDC8EDD7 /* CDVBarcodeScanner.bundle */; };
		71CE0CBF2B414641BA4A5817 /* AudioToolbox.framework in Frameworks */ = {isa = PBXBuildFile; fileRef = D0FF8F047D2D46B8B58A9B81 /* AudioToolbox.framework */; };
/* End PBXBuildFile section */

/* Begin PBXContainerItemProxy section */
		301BF534109A57CC0062928A /* PBXContainerItemProxy */ = {
			isa = PBXContainerItemProxy;
			containerPortal = 301BF52D109A57CC0062928A /* CordovaLib/CordovaLib.xcodeproj */;
			proxyType = 2;
			remoteGlobalIDString = D2AAC07E0554694100DB518D;
			remoteInfo = CordovaLib;
		};
		301BF550109A68C00062928A /* PBXContainerItemProxy */ = {
			isa = PBXContainerItemProxy;
			containerPortal = 301BF52D109A57CC0062928A /* CordovaLib/CordovaLib.xcodeproj */;
			proxyType = 1;
			remoteGlobalIDString = D2AAC07D0554694100DB518D;
			remoteInfo = CordovaLib;
		};
		907D8123214C687600058A10 /* PBXContainerItemProxy */ = {
			isa = PBXContainerItemProxy;
			containerPortal = 301BF52D109A57CC0062928A /* CordovaLib/CordovaLib.xcodeproj */;
			proxyType = 2;
			remoteGlobalIDString = C0C01EB21E3911D50056E6CB;
			remoteInfo = Cordova;
		};
/* End PBXContainerItemProxy section */

/* Begin PBXFileReference section */
		0207DA571B56EA530066E2B4 /* Images.xcassets */ = {isa = PBXFileReference; lastKnownFileType = folder.assetcatalog; name = Images.xcassets; path = "MyApp/Images.xcassets"; sourceTree = SOURCE_ROOT; };
		1D3623240D0F684500981E51 /* AppDelegate.h */ = {isa = PBXFileReference; fileEncoding = 4; lastKnownFileType = sourcecode.c.h; path = AppDelegate.h; sourceTree = "<group>"; };
		1D3623250D0F684500981E51 /* AppDelegate.m */ = {isa = PBXFileReference; fileEncoding = 4; lastKnownFileType = sourcecode.c.objc; path = AppDelegate.m; sourceTree = "<group>"; };
		1D6058910D05DD3D006BFB54 /* MyApp.app */ = {isa = PBXFileReference; explicitFileType = wrapper.application; includeInIndex = 0; path = "MyApp.app"; sourceTree = BUILT_PRODUCTS_DIR; };
		29B97316FDCFA39411CA2CEA /* main.m */ = {isa = PBXFileReference; fileEncoding = 4; lastKnownFileType = sourcecode.c.objc; path = main.m; sourceTree = "<group>"; };
		301BF52D109A57CC0062928A /* CordovaLib/CordovaLib.xcodeproj */ = {isa = PBXFileReference; lastKnownFileType = "wrapper.pb-project"; name = CordovaLib.xcodeproj; path = CordovaLib\CordovaLib.xcodeproj; sourceTree = "<group>"; };
		301BF56E109A69640062928A /* www */ = {isa = PBXFileReference; lastKnownFileType = folder; path = www; sourceTree = SOURCE_ROOT; };
		302D95EE14D2391D003F00A1 /* MainViewController.h */ = {isa = PBXFileReference; fileEncoding = 4; lastKnownFileType = sourcecode.c.h; path = MainViewController.h; sourceTree = "<group>"; };
		302D95EF14D2391D003F00A1 /* MainViewController.m */ = {isa = PBXFileReference; fileEncoding = 4; lastKnownFileType = sourcecode.c.objc; path = MainViewController.m; sourceTree = "<group>"; };
		302D95F014D2391D003F00A1 /* MainViewController.xib */ = {isa = PBXFileReference; fileEncoding = 4; lastKnownFileType = file.xib; path = MainViewController.xib; sourceTree = "<group>"; };
		3047A50F1AB8059700498E2A /* build-debug.xcconfig */ = {isa = PBXFileReference; fileEncoding = 4; lastKnownFileType = text.xcconfig; name = "build-debug.xcconfig"; path = "cordova/build-debug.xcconfig"; sourceTree = SOURCE_ROOT; };
		3047A5101AB8059700498E2A /* build-release.xcconfig */ = {isa = PBXFileReference; fileEncoding = 4; lastKnownFileType = text.xcconfig; name = "build-release.xcconfig"; path = "cordova/build-release.xcconfig"; sourceTree = SOURCE_ROOT; };
		3047A5111AB8059700498E2A /* build.xcconfig */ = {isa = PBXFileReference; fileEncoding = 4; lastKnownFileType = text.xcconfig; name = build.xcconfig; path = cordova/build.xcconfig; sourceTree = SOURCE_ROOT; };
		32CA4F630368D1EE00C91783 /* MyApp-Prefix.pch */ = {isa = PBXFileReference; fileEncoding = 4; lastKnownFileType = sourcecode.c.h; path = "MyApp-Prefix.pch"; sourceTree = "<group>"; };
		6AFF5BF81D6E424B00AB3073 /* CDVLaunchScreen.storyboard */ = {isa = PBXFileReference; fileEncoding = 4; lastKnownFileType = file.storyboard; name = CDVLaunchScreen.storyboard; path = "MyApp/CDVLaunchScreen.storyboard"; sourceTree = SOURCE_ROOT; };
		8D1107310486CEB800E47090 /* MyApp-Info.plist */ = {isa = PBXFileReference; fileEncoding = 4; lastKnownFileType = text.plist.xml; name = "MyApp-Info.plist"; path = "MyApp/MyApp-Info.plist"; plistStructureDefinitionIdentifier = "com.apple.xcode.plist.structure-definition.iphone.info-plist"; sourceTree = SOURCE_ROOT; };
		EB87FDF31871DA8E0020F90C /* www */ = {isa = PBXFileReference; lastKnownFileType = folder; name = www; path = ../../www; sourceTree = "<group>"; };
		EB87FDF41871DAF40020F90C /* config.xml */ = {isa = PBXFileReference; lastKnownFileType = text.xml; name = config.xml; path = ../../config.xml; sourceTree = "<group>"; };
		ED33DF2A687741AEAF9F8254 /* Bridging-Header.h */ = {isa = PBXFileReference; fileEncoding = 4; lastKnownFileType = sourcecode.c.h; path = "Bridging-Header.h"; sourceTree = "<group>"; };
		F840E1F0165FE0F500CFE078 /* config.xml */ = {isa = PBXFileReference; lastKnownFileType = text.xml; name = config.xml; path = "MyApp/config.xml"; sourceTree = "<group>"; };
		CB04B64387C6438994250609 /* CFCallNumber.m */ = {isa = PBXFileReference; name = "CFCallNumber.m"; path = "call-number/CFCallNumber.m"; sourceTree = "<group>"; fileEncoding = 4; lastKnownFileType = sourcecode.c.objc; explicitFileType = undefined; includeInIndex = 0; };
		318A91A5457B49CB80CFA30A /* CFCallNumber.h */ = {isa = PBXFileReference; name = "CFCallNumber.h"; path = "call-number/CFCallNumber.h"; sourceTree = "<group>"; fileEncoding = 4; lastKnownFileType = sourcecode.c.h; explicitFileType = undefined; includeInIndex = 0; };
		BD7255EA361748DE916F2701 /* NativePageTransitions.m */ = {isa = PBXFileReference; name = "NativePageTransitions.m"; path = "com.telerik.plugins.nativepagetransitions/NativePageTransitions.m"; sourceTree = "<group>"; fileEncoding = 4; lastKnownFileType = sourcecode.c.objc; explicitFileType = undefined; includeInIndex = 0; };
		EA913B4DFEA146EE9EB550B5 /* AppDelegate+nativepagetransitions.m */ = {isa = PBXFileReference; name = "AppDelegate+nativepagetransitions.m"; path = "com.telerik.plugins.nativepagetransitions/AppDelegate+nativepagetransitions.m"; sourceTree = "<group>"; fileEncoding = 4; lastKnownFileType = sourcecode.c.objc; explicitFileType = undefined; includeInIndex = 0; };
		F9985D465C1B494EBFA590C8 /* NativePageTransitions.h */ = {isa = PBXFileReference; name = "NativePageTransitions.h"; path = "com.telerik.plugins.nativepagetransitions/NativePageTransitions.h"; sourceTree = "<group>"; fileEncoding = 4; lastKnownFileType = sourcecode.c.h; explicitFileType = undefined; includeInIndex = 0; };
		C68D19002A1A4FD4A3A7336F /* AppDelegate+nativepagetransitions.h */ = {isa = PBXFileReference; name = "AppDelegate+nativepagetransitions.h"; path = "com.telerik.plugins.nativepagetransitions/AppDelegate+nativepagetransitions.h"; sourceTree = "<group>"; fileEncoding = 4; lastKnownFileType = sourcecode.c.h; explicitFileType = undefined; includeInIndex = 0; };
		F3A3872625C34EBABF259579 /* MEGBluetoothSerial.m */ = {isa = PBXFileReference; name = "MEGBluetoothSerial.m"; path = "cordova-plugin-bluetooth-serial/BluetoothSerial/MEGBluetoothSerial.m"; sourceTree = "<group>"; fileEncoding = 4; lastKnownFileType = sourcecode.c.objc; explicitFileType = undefined; includeInIndex = 0; };
		E3A8B1BFFE6940BCA0A2FEC1 /* CBPeripheral+BTSExtensions.m */ = {isa = PBXFileReference; name = "CBPeripheral+BTSExtensions.m"; path = "cordova-plugin-bluetooth-serial/BluetoothSerial/CBPeripheral+BTSExtensions.m"; sourceTree = "<group>"; fileEncoding = 4; lastKnownFileType = sourcecode.c.objc; explicitFileType = undefined; includeInIndex = 0; };
		8DE7DF0EC6554A49AC7C69E2 /* BLE.m */ = {isa = PBXFileReference; name = "BLE.m"; path = "cordova-plugin-bluetooth-serial/BluetoothSerial/BLE.m"; sourceTree = "<group>"; fileEncoding = 4; lastKnownFileType = sourcecode.c.objc; explicitFileType = undefined; includeInIndex = 0; };
		E370B1E607B243C68EA72F84 /* MEGBluetoothSerial.h */ = {isa = PBXFileReference; name = "MEGBluetoothSerial.h"; path = "cordova-plugin-bluetooth-serial/BluetoothSerial/MEGBluetoothSerial.h"; sourceTree = "<group>"; fileEncoding = 4; lastKnownFileType = sourcecode.c.h; explicitFileType = undefined; includeInIndex = 0; };
		265E3A45299B48399B3CA306 /* CBPeripheral+BTSExtensions.h */ = {isa = PBXFileReference; name = "CBPeripheral+BTSExtensions.h"; path = "cordova-plugin-bluetooth-serial/BluetoothSerial/CBPeripheral+BTSExtensions.h"; sourceTree = "<group>"; fileEncoding = 4; lastKnownFileType = sourcecode.c.h; explicitFileType = undefined; includeInIndex = 0; };
		13D317FBBE974E6E8973D805 /* BLE.h */ = {isa = PBXFileReference; name = "BLE.h"; path = "cordova-plugin-bluetooth-serial/BluetoothSerial/BLE.h"; sourceTree = "<group>"; fileEncoding = 4; lastKnownFileType = sourcecode.c.h; explicitFileType = undefined; includeInIndex = 0; };
		D34665C9E44E44C28D1CF179 /* BLEDefines.h */ = {isa = PBXFileReference; name = "BLEDefines.h"; path = "cordova-plugin-bluetooth-serial/BluetoothSerial/BLEDefines.h"; sourceTree = "<group>"; fileEncoding = 4; lastKnownFileType = sourcecode.c.h; explicitFileType = undefined; includeInIndex = 0; };
		99A3D811ADC14DBDB4672B77 /* CoreBluetooth.framework */ = {isa = PBXFileReference; name = "CoreBluetooth.framework"; path = "System/Library/Frameworks/CoreBluetooth.framework"; sourceTree = SDKROOT; fileEncoding = undefined; lastKnownFileType = wrapper.framework; explicitFileType = undefined; includeInIndex = 0; };
		B3035B545A92496FA0B66A29 /* UIImage+CropScaleOrientation.m */ = {isa = PBXFileReference; name = "UIImage+CropScaleOrientation.m"; path = "cordova-plugin-camera/UIImage+CropScaleOrientation.m"; sourceTree = "<group>"; fileEncoding = 4; lastKnownFileType = sourcecode.c.objc; explicitFileType = undefined; includeInIndex = 0; };
		B07512350F044A0DBD363488 /* CDVCamera.m */ = {isa = PBXFileReference; name = "CDVCamera.m"; path = "cordova-plugin-camera/CDVCamera.m"; sourceTree = "<group>"; fileEncoding = 4; lastKnownFileType = sourcecode.c.objc; explicitFileType = undefined; includeInIndex = 0; };
		0D08F7F7E37F4FA1BB40E0C2 /* CDVJpegHeaderWriter.m */ = {isa = PBXFileReference; name = "CDVJpegHeaderWriter.m"; path = "cordova-plugin-camera/CDVJpegHeaderWriter.m"; sourceTree = "<group>"; fileEncoding = 4; lastKnownFileType = sourcecode.c.objc; explicitFileType = undefined; includeInIndex = 0; };
		12E82F1C767A4E8891655CE4 /* UIImage+CropScaleOrientation.h */ = {isa = PBXFileReference; name = "UIImage+CropScaleOrientation.h"; path = "cordova-plugin-camera/UIImage+CropScaleOrientation.h"; sourceTree = "<group>"; fileEncoding = 4; lastKnownFileType = sourcecode.c.h; explicitFileType = undefined; includeInIndex = 0; };
		087E6B1D5DD245A8B2BC4F76 /* CDVCamera.h */ = {isa = PBXFileReference; name = "CDVCamera.h"; path = "cordova-plugin-camera/CDVCamera.h"; sourceTree = "<group>"; fileEncoding = 4; lastKnownFileType = sourcecode.c.h; explicitFileType = undefined; includeInIndex = 0; };
		F742163D1A1F4F038615DC89 /* CDVJpegHeaderWriter.h */ = {isa = PBXFileReference; name = "CDVJpegHeaderWriter.h"; path = "cordova-plugin-camera/CDVJpegHeaderWriter.h"; sourceTree = "<group>"; fileEncoding = 4; lastKnownFileType = sourcecode.c.h; explicitFileType = undefined; includeInIndex = 0; };
		12142C2D1A61417ABA7DEA7D /* CDVExif.h */ = {isa = PBXFileReference; name = "CDVExif.h"; path = "cordova-plugin-camera/CDVExif.h"; sourceTree = "<group>"; fileEncoding = 4; lastKnownFileType = sourcecode.c.h; explicitFileType = undefined; includeInIndex = 0; };
		CA8128AFDD0E4BE3A36349BB /* ImageIO.framework */ = {isa = PBXFileReference; name = "ImageIO.framework"; path = "System/Library/Frameworks/ImageIO.framework"; sourceTree = SDKROOT; fileEncoding = undefined; lastKnownFileType = wrapper.framework; explicitFileType = undefined; includeInIndex = 0; };
		EF0C60382F7B4A809F4E214E /* CoreLocation.framework */ = {isa = PBXFileReference; name = "CoreLocation.framework"; path = "System/Library/Frameworks/CoreLocation.framework"; sourceTree = SDKROOT; fileEncoding = undefined; lastKnownFileType = wrapper.framework; explicitFileType = undefined; includeInIndex = 0; };
		7095D8EE913E4EBD81B5981A /* AVFoundation.framework */ = {isa = PBXFileReference; name = "AVFoundation.framework"; path = "System/Library/Frameworks/AVFoundation.framework"; sourceTree = SDKROOT; fileEncoding = undefined; lastKnownFileType = wrapper.framework; explicitFileType = undefined; includeInIndex = 0; };
		D2BAF7C7A498423686EF8284 /* CTCrop.m */ = {isa = PBXFileReference; name = "CTCrop.m"; path = "cordova-plugin-crop/CTCrop.m"; sourceTree = "<group>"; fileEncoding = 4; lastKnownFileType = sourcecode.c.objc; explicitFileType = undefined; includeInIndex = 0; };
		6E566FB6A66148A58C34C355 /* PECropRectView.m */ = {isa = PBXFileReference; name = "PECropRectView.m"; path = "cordova-plugin-crop/PECropRectView.m"; sourceTree = "<group>"; fileEncoding = 4; lastKnownFileType = sourcecode.c.objc; explicitFileType = undefined; includeInIndex = 0; };
		3A22BA4C87D74408AE988494 /* PECropView.m */ = {isa = PBXFileReference; name = "PECropView.m"; path = "cordova-plugin-crop/PECropView.m"; sourceTree = "<group>"; fileEncoding = 4; lastKnownFileType = sourcecode.c.objc; explicitFileType = undefined; includeInIndex = 0; };
		C3423313986640C29CA6FCEC /* PECropViewController.m */ = {isa = PBXFileReference; name = "PECropViewController.m"; path = "cordova-plugin-crop/PECropViewController.m"; sourceTree = "<group>"; fileEncoding = 4; lastKnownFileType = sourcecode.c.objc; explicitFileType = undefined; includeInIndex = 0; };
		B56F4EB27EDD4AF2B7B07ADF /* PEResizeControl.m */ = {isa = PBXFileReference; name = "PEResizeControl.m"; path = "cordova-plugin-crop/PEResizeControl.m"; sourceTree = "<group>"; fileEncoding = 4; lastKnownFileType = sourcecode.c.objc; explicitFileType = undefined; includeInIndex = 0; };
		D953158C91FD4BEA8CAE6A1F /* UIImage+PECrop.m */ = {isa = PBXFileReference; name = "UIImage+PECrop.m"; path = "cordova-plugin-crop/UIImage+PECrop.m"; sourceTree = "<group>"; fileEncoding = 4; lastKnownFileType = sourcecode.c.objc; explicitFileType = undefined; includeInIndex = 0; };
		C11C2180EC8D4E88A917BCFB /* CTCrop.h */ = {isa = PBXFileReference; name = "CTCrop.h"; path = "cordova-plugin-crop/CTCrop.h"; sourceTree = "<group>"; fileEncoding = 4; lastKnownFileType = sourcecode.c.h; explicitFileType = undefined; includeInIndex = 0; };
		979DB70571314C9B9E15A7ED /* PECropRectView.h */ = {isa = PBXFileReference; name = "PECropRectView.h"; path = "cordova-plugin-crop/PECropRectView.h"; sourceTree = "<group>"; fileEncoding = 4; lastKnownFileType = sourcecode.c.h; explicitFileType = undefined; includeInIndex = 0; };
		818D0AA5A53D4DC7A7D586E8 /* PECropView.h */ = {isa = PBXFileReference; name = "PECropView.h"; path = "cordova-plugin-crop/PECropView.h"; sourceTree = "<group>"; fileEncoding = 4; lastKnownFileType = sourcecode.c.h; explicitFileType = undefined; includeInIndex = 0; };
		8D563195A6164F9B9AB14E86 /* PECropViewController.h */ = {isa = PBXFileReference; name = "PECropViewController.h"; path = "cordova-plugin-crop/PECropViewController.h"; sourceTree = "<group>"; fileEncoding = 4; lastKnownFileType = sourcecode.c.h; explicitFileType = undefined; includeInIndex = 0; };
		93995443728040EBB77D8CC7 /* PEResizeControl.h */ = {isa = PBXFileReference; name = "PEResizeControl.h"; path = "cordova-plugin-crop/PEResizeControl.h"; sourceTree = "<group>"; fileEncoding = 4; lastKnownFileType = sourcecode.c.h; explicitFileType = undefined; includeInIndex = 0; };
		C4437FECF00A43AEB3ADA146 /* UIImage+PECrop.h */ = {isa = PBXFileReference; name = "UIImage+PECrop.h"; path = "cordova-plugin-crop/UIImage+PECrop.h"; sourceTree = "<group>"; fileEncoding = 4; lastKnownFileType = sourcecode.c.h; explicitFileType = undefined; includeInIndex = 0; };
		ED36F8B0B1F54EAF8D6EDD51 /* PEPhotoCropEditor.bundle */ = {isa = PBXFileReference; name = "PEPhotoCropEditor.bundle"; path = "PEPhotoCropEditor.bundle"; sourceTree = "<group>"; fileEncoding = undefined; lastKnownFileType = wrapper.plug-in; explicitFileType = undefined; includeInIndex = 0; };
		DFFA98895EEB4BF389901231 /* QuartzCore.framework */ = {isa = PBXFileReference; name = "QuartzCore.framework"; path = "System/Library/Frameworks/QuartzCore.framework"; sourceTree = SDKROOT; fileEncoding = undefined; lastKnownFileType = wrapper.framework; explicitFileType = undefined; includeInIndex = 0; };
		CA6E288F5C6149F3BADEC8C8 /* CDVDevice.m */ = {isa = PBXFileReference; name = "CDVDevice.m"; path = "cordova-plugin-device/CDVDevice.m"; sourceTree = "<group>"; fileEncoding = 4; lastKnownFileType = sourcecode.c.objc; explicitFileType = undefined; includeInIndex = 0; };
		9B740F5113634A88A02264AF /* CDVDevice.h */ = {isa = PBXFileReference; name = "CDVDevice.h"; path = "cordova-plugin-device/CDVDevice.h"; sourceTree = "<group>"; fileEncoding = 4; lastKnownFileType = sourcecode.c.h; explicitFileType = undefined; includeInIndex = 0; };
		058B782B2CBD4859982E333E /* APPEmailComposer.m */ = {isa = PBXFileReference; name = "APPEmailComposer.m"; path = "cordova-plugin-email-composer/APPEmailComposer.m"; sourceTree = "<group>"; fileEncoding = 4; lastKnownFileType = sourcecode.c.objc; explicitFileType = undefined; includeInIndex = 0; };
		E73CD2CF75E4407E8623F0B4 /* APPEmailComposerImpl.m */ = {isa = PBXFileReference; name = "APPEmailComposerImpl.m"; path = "cordova-plugin-email-composer/APPEmailComposerImpl.m"; sourceTree = "<group>"; fileEncoding = 4; lastKnownFileType = sourcecode.c.objc; explicitFileType = undefined; includeInIndex = 0; };
		C29A64C323904B968D737FDE /* APPEmailComposer.h */ = {isa = PBXFileReference; name = "APPEmailComposer.h"; path = "cordova-plugin-email-composer/APPEmailComposer.h"; sourceTree = "<group>"; fileEncoding = 4; lastKnownFileType = sourcecode.c.h; explicitFileType = undefined; includeInIndex = 0; };
		156F0339079E46AB86227FC8 /* APPEmailComposerImpl.h */ = {isa = PBXFileReference; name = "APPEmailComposerImpl.h"; path = "cordova-plugin-email-composer/APPEmailComposerImpl.h"; sourceTree = "<group>"; fileEncoding = 4; lastKnownFileType = sourcecode.c.h; explicitFileType = undefined; includeInIndex = 0; };
		DE991F070FAB472185A6E897 /* MessageUI.framework */ = {isa = PBXFileReference; name = "MessageUI.framework"; path = "System/Library/Frameworks/MessageUI.framework"; sourceTree = SDKROOT; fileEncoding = undefined; lastKnownFileType = wrapper.framework; explicitFileType = undefined; includeInIndex = 0; };
		98FA3F5E575F48A798834B67 /* FCMPlugin.m */ = {isa = PBXFileReference; name = "FCMPlugin.m"; path = "cordova-plugin-fcm-with-dependecy-updated/FCMPlugin.m"; sourceTree = "<group>"; fileEncoding = 4; lastKnownFileType = sourcecode.c.objc; explicitFileType = undefined; includeInIndex = 0; };
		F656074760704D5292681695 /* AppDelegate+FCMPlugin.m */ = {isa = PBXFileReference; name = "AppDelegate+FCMPlugin.m"; path = "cordova-plugin-fcm-with-dependecy-updated/AppDelegate+FCMPlugin.m"; sourceTree = "<group>"; fileEncoding = 4; lastKnownFileType = sourcecode.c.objc; explicitFileType = undefined; includeInIndex = 0; };
		A9D33534C7D045A0882E8757 /* FCMPluginIOS9Support.m */ = {isa = PBXFileReference; name = "FCMPluginIOS9Support.m"; path = "cordova-plugin-fcm-with-dependecy-updated/FCMPluginIOS9Support.m"; sourceTree = "<group>"; fileEncoding = 4; lastKnownFileType = sourcecode.c.objc; explicitFileType = undefined; includeInIndex = 0; };
		04D101DB98B14AAF98DC2615 /* FCMNotificationCenterDelegate.m */ = {isa = PBXFileReference; name = "FCMNotificationCenterDelegate.m"; path = "cordova-plugin-fcm-with-dependecy-updated/FCMNotificationCenterDelegate.m"; sourceTree = "<group>"; fileEncoding = 4; lastKnownFileType = sourcecode.c.objc; explicitFileType = undefined; includeInIndex = 0; };
		B8277D31824D4034806100B7 /* FCMPlugin.h */ = {isa = PBXFileReference; name = "FCMPlugin.h"; path = "cordova-plugin-fcm-with-dependecy-updated/FCMPlugin.h"; sourceTree = "<group>"; fileEncoding = 4; lastKnownFileType = sourcecode.c.h; explicitFileType = undefined; includeInIndex = 0; };
		FBF71A14DF5F4A7AA731F055 /* AppDelegate+FCMPlugin.h */ = {isa = PBXFileReference; name = "AppDelegate+FCMPlugin.h"; path = "cordova-plugin-fcm-with-dependecy-updated/AppDelegate+FCMPlugin.h"; sourceTree = "<group>"; fileEncoding = 4; lastKnownFileType = sourcecode.c.h; explicitFileType = undefined; includeInIndex = 0; };
		81FCBD9EB25C45D3A66191BD /* FCMPluginIOS9Support.h */ = {isa = PBXFileReference; name = "FCMPluginIOS9Support.h"; path = "cordova-plugin-fcm-with-dependecy-updated/FCMPluginIOS9Support.h"; sourceTree = "<group>"; fileEncoding = 4; lastKnownFileType = sourcecode.c.h; explicitFileType = undefined; includeInIndex = 0; };
		A61C751445BD4422AE76B525 /* FCMNotificationCenterDelegate.h */ = {isa = PBXFileReference; name = "FCMNotificationCenterDelegate.h"; path = "cordova-plugin-fcm-with-dependecy-updated/FCMNotificationCenterDelegate.h"; sourceTree = "<group>"; fileEncoding = 4; lastKnownFileType = sourcecode.c.h; explicitFileType = undefined; includeInIndex = 0; };
		724BC907D8DD43D0AE3C3144 /* GoogleService-Info.plist */ = {isa = PBXFileReference; name = "GoogleService-Info.plist"; path = "Resources/GoogleService-Info.plist"; sourceTree = "<group>"; fileEncoding = 4; lastKnownFileType = text.plist.xml; explicitFileType = undefined; includeInIndex = 0; };
		85A0D952A8F24131B71ABC97 /* libc++.tbd */ = {isa = PBXFileReference; name = "libc++.tbd"; path = "usr/lib/libc++.tbd"; sourceTree = SDKROOT; fileEncoding = undefined; lastKnownFileType = sourcecode.text-based-dylib-definition; explicitFileType = undefined; includeInIndex = 0; };
		19119C704BE649EEADA7ECF1 /* libz.tbd */ = {isa = PBXFileReference; name = "libz.tbd"; path = "usr/lib/libz.tbd"; sourceTree = SDKROOT; fileEncoding = undefined; lastKnownFileType = sourcecode.text-based-dylib-definition; explicitFileType = undefined; includeInIndex = 0; };
		571EADFEC77C477FB50DBC8A /* AddressBook.framework */ = {isa = PBXFileReference; name = "AddressBook.framework"; path = "System/Library/Frameworks/AddressBook.framework"; sourceTree = SDKROOT; fileEncoding = undefined; lastKnownFileType = wrapper.framework; explicitFileType = undefined; includeInIndex = 0; };
		FE602B9619FD4F6A81004AA3 /* libsqlite3.0.tbd */ = {isa = PBXFileReference; name = "libsqlite3.0.tbd"; path = "usr/lib/libsqlite3.0.tbd"; sourceTree = SDKROOT; fileEncoding = undefined; lastKnownFileType = sourcecode.text-based-dylib-definition; explicitFileType = undefined; includeInIndex = 0; };
		6CA80851744F48F789641AE5 /* Security.framework */ = {isa = PBXFileReference; name = "Security.framework"; path = "System/Library/Frameworks/Security.framework"; sourceTree = SDKROOT; fileEncoding = undefined; lastKnownFileType = wrapper.framework; explicitFileType = undefined; includeInIndex = 0; };
		C9B61AFE355E4B2A96F99C1A /* CDVFile.m */ = {isa = PBXFileReference; name = "CDVFile.m"; path = "cordova-plugin-file/CDVFile.m"; sourceTree = "<group>"; fileEncoding = 4; lastKnownFileType = sourcecode.c.objc; explicitFileType = undefined; includeInIndex = 0; };
		5EEB58FC144845A0ACB5EDC0 /* CDVLocalFilesystem.m */ = {isa = PBXFileReference; name = "CDVLocalFilesystem.m"; path = "cordova-plugin-file/CDVLocalFilesystem.m"; sourceTree = "<group>"; fileEncoding = 4; lastKnownFileType = sourcecode.c.objc; explicitFileType = undefined; includeInIndex = 0; };
		34765E322805409CBB9956A6 /* CDVAssetLibraryFilesystem.m */ = {isa = PBXFileReference; name = "CDVAssetLibraryFilesystem.m"; path = "cordova-plugin-file/CDVAssetLibraryFilesystem.m"; sourceTree = "<group>"; fileEncoding = 4; lastKnownFileType = sourcecode.c.objc; explicitFileType = undefined; includeInIndex = 0; };
		2486769BCF67458DB5C8F32B /* CDVFile.h */ = {isa = PBXFileReference; name = "CDVFile.h"; path = "cordova-plugin-file/CDVFile.h"; sourceTree = "<group>"; fileEncoding = 4; lastKnownFileType = sourcecode.c.h; explicitFileType = undefined; includeInIndex = 0; };
		8CB47F36EEA34B2793F90D29 /* CDVLocalFilesystem.h */ = {isa = PBXFileReference; name = "CDVLocalFilesystem.h"; path = "cordova-plugin-file/CDVLocalFilesystem.h"; sourceTree = "<group>"; fileEncoding = 4; lastKnownFileType = sourcecode.c.h; explicitFileType = undefined; includeInIndex = 0; };
		C0EF46A0AFFC4C6CBFE1306A /* CDVAssetLibraryFilesystem.h */ = {isa = PBXFileReference; name = "CDVAssetLibraryFilesystem.h"; path = "cordova-plugin-file/CDVAssetLibraryFilesystem.h"; sourceTree = "<group>"; fileEncoding = 4; lastKnownFileType = sourcecode.c.h; explicitFileType = undefined; includeInIndex = 0; };
		555A0C1E43F6464AA1E6B763 /* CDVFileTransfer.m */ = {isa = PBXFileReference; name = "CDVFileTransfer.m"; path = "cordova-plugin-file-transfer/CDVFileTransfer.m"; sourceTree = "<group>"; fileEncoding = 4; lastKnownFileType = sourcecode.c.objc; explicitFileType = undefined; includeInIndex = 0; };
		3E57E986554346E4818C72AD /* CDVFileTransfer.h */ = {isa = PBXFileReference; name = "CDVFileTransfer.h"; path = "cordova-plugin-file-transfer/CDVFileTransfer.h"; sourceTree = "<group>"; fileEncoding = 4; lastKnownFileType = sourcecode.c.h; explicitFileType = undefined; includeInIndex = 0; };
		000E9919DA9F4174BE8D0E28 /* GooglePlus.m */ = {isa = PBXFileReference; name = "GooglePlus.m"; path = "cordova-plugin-googleplus/GooglePlus.m"; sourceTree = "<group>"; fileEncoding = 4; lastKnownFileType = sourcecode.c.objc; explicitFileType = undefined; includeInIndex = 0; };
		4E428415EFF54FF98B18D960 /* GooglePlus.h */ = {isa = PBXFileReference; name = "GooglePlus.h"; path = "cordova-plugin-googleplus/GooglePlus.h"; sourceTree = "<group>"; fileEncoding = 4; lastKnownFileType = sourcecode.c.h; explicitFileType = undefined; includeInIndex = 0; };
		68B875B85BF94D7389D7B2B8 /* CoreText.framework */ = {isa = PBXFileReference; name = "CoreText.framework"; path = "System/Library/Frameworks/CoreText.framework"; sourceTree = SDKROOT; fileEncoding = undefined; lastKnownFileType = wrapper.framework; explicitFileType = undefined; includeInIndex = 0; };
		D55C5F6737D04F77B956E714 /* SafariServices.framework */ = {isa = PBXFileReference; name = "SafariServices.framework"; path = "System/Library/Frameworks/SafariServices.framework"; sourceTree = SDKROOT; fileEncoding = undefined; lastKnownFileType = wrapper.framework; explicitFileType = undefined; includeInIndex = 0; };
		539A48D433F64A8EBF495E42 /* SystemConfiguration.framework */ = {isa = PBXFileReference; name = "SystemConfiguration.framework"; path = "System/Library/Frameworks/SystemConfiguration.framework"; sourceTree = SDKROOT; fileEncoding = undefined; lastKnownFileType = wrapper.framework; explicitFileType = undefined; includeInIndex = 0; };
		880FE148A3E04B6DA2DD4966 /* libz.dylib */ = {isa = PBXFileReference; name = "libz.dylib"; path = "usr/lib/libz.dylib"; sourceTree = SDKROOT; fileEncoding = undefined; lastKnownFileType = compiled.mach-o.dylib; explicitFileType = undefined; includeInIndex = 0; };
		A328A1ACEEB946A7AA099702 /* CDVIonicKeyboard.m */ = {isa = PBXFileReference; name = "CDVIonicKeyboard.m"; path = "cordova-plugin-ionic-keyboard/CDVIonicKeyboard.m"; sourceTree = "<group>"; fileEncoding = 4; lastKnownFileType = sourcecode.c.objc; explicitFileType = undefined; includeInIndex = 0; };
		394805AAC7C948E2B34D1EDB /* CDVIonicKeyboard.h */ = {isa = PBXFileReference; name = "CDVIonicKeyboard.h"; path = "cordova-plugin-ionic-keyboard/CDVIonicKeyboard.h"; sourceTree = "<group>"; fileEncoding = 4; lastKnownFileType = sourcecode.c.h; explicitFileType = undefined; includeInIndex = 0; };
		7E5D139C016E485BAA691945 /* CDVWKWebViewEngine.m */ = {isa = PBXFileReference; name = "CDVWKWebViewEngine.m"; path = "cordova-plugin-ionic-webview/CDVWKWebViewEngine.m"; sourceTree = "<group>"; fileEncoding = 4; lastKnownFileType = sourcecode.c.objc; explicitFileType = undefined; includeInIndex = 0; };
		52C20C2B5E12470295E88BAB /* CDVWKWebViewUIDelegate.m */ = {isa = PBXFileReference; name = "CDVWKWebViewUIDelegate.m"; path = "cordova-plugin-ionic-webview/CDVWKWebViewUIDelegate.m"; sourceTree = "<group>"; fileEncoding = 4; lastKnownFileType = sourcecode.c.objc; explicitFileType = undefined; includeInIndex = 0; };
		0881462E2FCA4A748A0CB800 /* CDVWKProcessPoolFactory.m */ = {isa = PBXFileReference; name = "CDVWKProcessPoolFactory.m"; path = "cordova-plugin-ionic-webview/CDVWKProcessPoolFactory.m"; sourceTree = "<group>"; fileEncoding = 4; lastKnownFileType = sourcecode.c.objc; explicitFileType = undefined; includeInIndex = 0; };
		E2796DC231194C62A25CEA71 /* IONAssetHandler.m */ = {isa = PBXFileReference; name = "IONAssetHandler.m"; path = "cordova-plugin-ionic-webview/IONAssetHandler.m"; sourceTree = "<group>"; fileEncoding = 4; lastKnownFileType = sourcecode.c.objc; explicitFileType = undefined; includeInIndex = 0; };
		791B5680FBD64B8CA7AECBC0 /* CDVWKWebViewEngine.h */ = {isa = PBXFileReference; name = "CDVWKWebViewEngine.h"; path = "cordova-plugin-ionic-webview/CDVWKWebViewEngine.h"; sourceTree = "<group>"; fileEncoding = 4; lastKnownFileType = sourcecode.c.h; explicitFileType = undefined; includeInIndex = 0; };
		4086805DD3C8490A840A830A /* CDVWKWebViewUIDelegate.h */ = {isa = PBXFileReference; name = "CDVWKWebViewUIDelegate.h"; path = "cordova-plugin-ionic-webview/CDVWKWebViewUIDelegate.h"; sourceTree = "<group>"; fileEncoding = 4; lastKnownFileType = sourcecode.c.h; explicitFileType = undefined; includeInIndex = 0; };
		D4BEE65678FA4B6691793D67 /* CDVWKProcessPoolFactory.h */ = {isa = PBXFileReference; name = "CDVWKProcessPoolFactory.h"; path = "cordova-plugin-ionic-webview/CDVWKProcessPoolFactory.h"; sourceTree = "<group>"; fileEncoding = 4; lastKnownFileType = sourcecode.c.h; explicitFileType = undefined; includeInIndex = 0; };
		9CBF4EFB9C434CB9B30F70ED /* IONAssetHandler.h */ = {isa = PBXFileReference; name = "IONAssetHandler.h"; path = "cordova-plugin-ionic-webview/IONAssetHandler.h"; sourceTree = "<group>"; fileEncoding = 4; lastKnownFileType = sourcecode.c.h; explicitFileType = undefined; includeInIndex = 0; };
		C900A2FF3F224EAFB82E2174 /* WebKit.framework */ = {isa = PBXFileReference; name = "WebKit.framework"; path = "System/Library/Frameworks/WebKit.framework"; sourceTree = SDKROOT; fileEncoding = undefined; lastKnownFileType = wrapper.framework; explicitFileType = undefined; includeInIndex = 0; };
		963759A33A974C20A92C9FDA /* CDVConnection.m */ = {isa = PBXFileReference; name = "CDVConnection.m"; path = "cordova-plugin-network-information/CDVConnection.m"; sourceTree = "<group>"; fileEncoding = 4; lastKnownFileType = sourcecode.c.objc; explicitFileType = undefined; includeInIndex = 0; };
		016CF9D4B0C040C395D52AE9 /* CDVReachability.m */ = {isa = PBXFileReference; name = "CDVReachability.m"; path = "cordova-plugin-network-information/CDVReachability.m"; sourceTree = "<group>"; fileEncoding = 4; lastKnownFileType = sourcecode.c.objc; explicitFileType = undefined; includeInIndex = 0; };
		E38C7F92903A47DAA9AA2D41 /* CDVConnection.h */ = {isa = PBXFileReference; name = "CDVConnection.h"; path = "cordova-plugin-network-information/CDVConnection.h"; sourceTree = "<group>"; fileEncoding = 4; lastKnownFileType = sourcecode.c.h; explicitFileType = undefined; includeInIndex = 0; };
		454E5E521878483DBE2DDDEB /* CDVReachability.h */ = {isa = PBXFileReference; name = "CDVReachability.h"; path = "cordova-plugin-network-information/CDVReachability.h"; sourceTree = "<group>"; fileEncoding = 4; lastKnownFileType = sourcecode.c.h; explicitFileType = undefined; includeInIndex = 0; };
		EDD5881E77F54402BB4884C3 /* CoreTelephony.framework */ = {isa = PBXFileReference; name = "CoreTelephony.framework"; path = "System/Library/Frameworks/CoreTelephony.framework"; sourceTree = SDKROOT; fileEncoding = undefined; lastKnownFileType = wrapper.framework; explicitFileType = undefined; includeInIndex = 0; };
		2E5EA3360BF1425CA870D030 /* APPPrinter.m */ = {isa = PBXFileReference; name = "APPPrinter.m"; path = "cordova-plugin-printer/APPPrinter.m"; sourceTree = "<group>"; fileEncoding = 4; lastKnownFileType = sourcecode.c.objc; explicitFileType = undefined; includeInIndex = 0; };
		BD1040C92D4D412482D6B0C8 /* APPPrinterInfo.m */ = {isa = PBXFileReference; name = "APPPrinterInfo.m"; path = "cordova-plugin-printer/APPPrinterInfo.m"; sourceTree = "<group>"; fileEncoding = 4; lastKnownFileType = sourcecode.c.objc; explicitFileType = undefined; includeInIndex = 0; };
		7E4C5FAC2C154F898CCBF962 /* APPPrinterItem.m */ = {isa = PBXFileReference; name = "APPPrinterItem.m"; path = "cordova-plugin-printer/APPPrinterItem.m"; sourceTree = "<group>"; fileEncoding = 4; lastKnownFileType = sourcecode.c.objc; explicitFileType = undefined; includeInIndex = 0; };
		64A8E803FACC4FB99C6AE693 /* APPPrinterLayout.m */ = {isa = PBXFileReference; name = "APPPrinterLayout.m"; path = "cordova-plugin-printer/APPPrinterLayout.m"; sourceTree = "<group>"; fileEncoding = 4; lastKnownFileType = sourcecode.c.objc; explicitFileType = undefined; includeInIndex = 0; };
		041C1FD79B4849459FA7FC42 /* APPPrinterPaper.m */ = {isa = PBXFileReference; name = "APPPrinterPaper.m"; path = "cordova-plugin-printer/APPPrinterPaper.m"; sourceTree = "<group>"; fileEncoding = 4; lastKnownFileType = sourcecode.c.objc; explicitFileType = undefined; includeInIndex = 0; };
		BE738BD37929484A97BEBAC0 /* APPPrinterRenderer.m */ = {isa = PBXFileReference; name = "APPPrinterRenderer.m"; path = "cordova-plugin-printer/APPPrinterRenderer.m"; sourceTree = "<group>"; fileEncoding = 4; lastKnownFileType = sourcecode.c.objc; explicitFileType = undefined; includeInIndex = 0; };
		15E9387144E74C5BA0EC52AA /* APPPrinterFont.m */ = {isa = PBXFileReference; name = "APPPrinterFont.m"; path = "cordova-plugin-printer/APPPrinterFont.m"; sourceTree = "<group>"; fileEncoding = 4; lastKnownFileType = sourcecode.c.objc; explicitFileType = undefined; includeInIndex = 0; };
		FE1A7DB4C49249F981ABFE08 /* APPPrinterUnit.m */ = {isa = PBXFileReference; name = "APPPrinterUnit.m"; path = "cordova-plugin-printer/APPPrinterUnit.m"; sourceTree = "<group>"; fileEncoding = 4; lastKnownFileType = sourcecode.c.objc; explicitFileType = undefined; includeInIndex = 0; };
		84D2B64867D2409AA368CC2A /* UIPrintInteractionController+APPPrinter.m */ = {isa = PBXFileReference; name = "UIPrintInteractionController+APPPrinter.m"; path = "cordova-plugin-printer/UIPrintInteractionController+APPPrinter.m"; sourceTree = "<group>"; fileEncoding = 4; lastKnownFileType = sourcecode.c.objc; explicitFileType = undefined; includeInIndex = 0; };
		0D908175936741EC9495699A /* APPPrinter.h */ = {isa = PBXFileReference; name = "APPPrinter.h"; path = "cordova-plugin-printer/APPPrinter.h"; sourceTree = "<group>"; fileEncoding = 4; lastKnownFileType = sourcecode.c.h; explicitFileType = undefined; includeInIndex = 0; };
		A10B8A7255A44835A990A3B4 /* APPPrinterInfo.h */ = {isa = PBXFileReference; name = "APPPrinterInfo.h"; path = "cordova-plugin-printer/APPPrinterInfo.h"; sourceTree = "<group>"; fileEncoding = 4; lastKnownFileType = sourcecode.c.h; explicitFileType = undefined; includeInIndex = 0; };
		7755C774F6D44FE3BEDB9CB7 /* APPPrinterItem.h */ = {isa = PBXFileReference; name = "APPPrinterItem.h"; path = "cordova-plugin-printer/APPPrinterItem.h"; sourceTree = "<group>"; fileEncoding = 4; lastKnownFileType = sourcecode.c.h; explicitFileType = undefined; includeInIndex = 0; };
		6C6F108E1BA04049A54561F2 /* APPPrinterLayout.h */ = {isa = PBXFileReference; name = "APPPrinterLayout.h"; path = "cordova-plugin-printer/APPPrinterLayout.h"; sourceTree = "<group>"; fileEncoding = 4; lastKnownFileType = sourcecode.c.h; explicitFileType = undefined; includeInIndex = 0; };
		03580C98421C42FC87CB3F67 /* APPPrinterPaper.h */ = {isa = PBXFileReference; name = "APPPrinterPaper.h"; path = "cordova-plugin-printer/APPPrinterPaper.h"; sourceTree = "<group>"; fileEncoding = 4; lastKnownFileType = sourcecode.c.h; explicitFileType = undefined; includeInIndex = 0; };
		8E4A72816AB84E2CAC143423 /* APPPrinterRenderer.h */ = {isa = PBXFileReference; name = "APPPrinterRenderer.h"; path = "cordova-plugin-printer/APPPrinterRenderer.h"; sourceTree = "<group>"; fileEncoding = 4; lastKnownFileType = sourcecode.c.h; explicitFileType = undefined; includeInIndex = 0; };
		C4226115C7E243EA9442FA9D /* APPPrinterFont.h */ = {isa = PBXFileReference; name = "APPPrinterFont.h"; path = "cordova-plugin-printer/APPPrinterFont.h"; sourceTree = "<group>"; fileEncoding = 4; lastKnownFileType = sourcecode.c.h; explicitFileType = undefined; includeInIndex = 0; };
		AEB78025D89E4689BF728D05 /* APPPrinterUnit.h */ = {isa = PBXFileReference; name = "APPPrinterUnit.h"; path = "cordova-plugin-printer/APPPrinterUnit.h"; sourceTree = "<group>"; fileEncoding = 4; lastKnownFileType = sourcecode.c.h; explicitFileType = undefined; includeInIndex = 0; };
		4E858A22BFDD44A5B1ACF376 /* UIPrintInteractionController+APPPrinter.h */ = {isa = PBXFileReference; name = "UIPrintInteractionController+APPPrinter.h"; path = "cordova-plugin-printer/UIPrintInteractionController+APPPrinter.h"; sourceTree = "<group>"; fileEncoding = 4; lastKnownFileType = sourcecode.c.h; explicitFileType = undefined; includeInIndex = 0; };
		C1FE801672E8431DAA35DE9C /* SpeechRecognition.m */ = {isa = PBXFileReference; name = "SpeechRecognition.m"; path = "cordova-plugin-speechrecognition/SpeechRecognition.m"; sourceTree = "<group>"; fileEncoding = 4; lastKnownFileType = sourcecode.c.objc; explicitFileType = undefined; includeInIndex = 0; };
		4135638AFA6F46EC9B5CD74F /* SpeechRecognition.h */ = {isa = PBXFileReference; name = "SpeechRecognition.h"; path = "cordova-plugin-speechrecognition/SpeechRecognition.h"; sourceTree = "<group>"; fileEncoding = 4; lastKnownFileType = sourcecode.c.h; explicitFileType = undefined; includeInIndex = 0; };
		136A180D75E542F393F868B1 /* Speech.framework */ = {isa = PBXFileReference; name = "Speech.framework"; path = "System/Library/Frameworks/Speech.framework"; sourceTree = SDKROOT; fileEncoding = undefined; lastKnownFileType = wrapper.framework; explicitFileType = undefined; includeInIndex = 0; };
		63B3E8BE4C524BFBAD663446 /* CDVStatusBar.m */ = {isa = PBXFileReference; name = "CDVStatusBar.m"; path = "cordova-plugin-statusbar/CDVStatusBar.m"; sourceTree = "<group>"; fileEncoding = 4; lastKnownFileType = sourcecode.c.objc; explicitFileType = undefined; includeInIndex = 0; };
		00A888ABB90B4A2FBA5994B1 /* CDVStatusBar.h */ = {isa = PBXFileReference; name = "CDVStatusBar.h"; path = "cordova-plugin-statusbar/CDVStatusBar.h"; sourceTree = "<group>"; fileEncoding = 4; lastKnownFileType = sourcecode.c.h; explicitFileType = undefined; includeInIndex = 0; };
		D56C901CB6DF40858EDEC7BD /* SOSPicker.m */ = {isa = PBXFileReference; name = "SOSPicker.m"; path = "cordova-plugin-telerik-imagepicker/SOSPicker.m"; sourceTree = "<group>"; fileEncoding = 4; lastKnownFileType = sourcecode.c.objc; explicitFileType = undefined; includeInIndex = 0; };
		D1BC9BD349C44EAE95FFB7E4 /* FeHourGlass.m */ = {isa = PBXFileReference; name = "FeHourGlass.m"; path = "cordova-plugin-telerik-imagepicker/FeHourGlass.m"; sourceTree = "<group>"; fileEncoding = 4; lastKnownFileType = sourcecode.c.objc; explicitFileType = undefined; includeInIndex = 0; };
		ACA0040D4259452787DFDC6C /* UIImage+fixOrientation.m */ = {isa = PBXFileReference; name = "UIImage+fixOrientation.m"; path = "cordova-plugin-telerik-imagepicker/UIImage+fixOrientation.m"; sourceTree = "<group>"; fileEncoding = 4; lastKnownFileType = sourcecode.c.objc; explicitFileType = undefined; includeInIndex = 0; };
		2A6C854400754C57B8B21989 /* GMAlbumsViewCell.m */ = {isa = PBXFileReference; name = "GMAlbumsViewCell.m"; path = "cordova-plugin-telerik-imagepicker/GMAlbumsViewCell.m"; sourceTree = "<group>"; fileEncoding = 4; lastKnownFileType = sourcecode.c.objc; explicitFileType = undefined; includeInIndex = 0; };
		AB5A02C344F2447C925E590D /* GMAlbumsViewController.m */ = {isa = PBXFileReference; name = "GMAlbumsViewController.m"; path = "cordova-plugin-telerik-imagepicker/GMAlbumsViewController.m"; sourceTree = "<group>"; fileEncoding = 4; lastKnownFileType = sourcecode.c.objc; explicitFileType = undefined; includeInIndex = 0; };
		9ECF23ACBC4D428C9B24115A /* GMFetchItem.m */ = {isa = PBXFileReference; name = "GMFetchItem.m"; path = "cordova-plugin-telerik-imagepicker/GMFetchItem.m"; sourceTree = "<group>"; fileEncoding = 4; lastKnownFileType = sourcecode.c.objc; explicitFileType = undefined; includeInIndex = 0; };
		4F4F190155134ED6B9B09E8D /* GMGridViewCell.m */ = {isa = PBXFileReference; name = "GMGridViewCell.m"; path = "cordova-plugin-telerik-imagepicker/GMGridViewCell.m"; sourceTree = "<group>"; fileEncoding = 4; lastKnownFileType = sourcecode.c.objc; explicitFileType = undefined; includeInIndex = 0; };
		EDE01DA1958B431C8FBB5ABF /* GMGridViewController.m */ = {isa = PBXFileReference; name = "GMGridViewController.m"; path = "cordova-plugin-telerik-imagepicker/GMGridViewController.m"; sourceTree = "<group>"; fileEncoding = 4; lastKnownFileType = sourcecode.c.objc; explicitFileType = undefined; includeInIndex = 0; };
		12DC60CB30854ED4BC26EC29 /* GMImagePickerController.m */ = {isa = PBXFileReference; name = "GMImagePickerController.m"; path = "cordova-plugin-telerik-imagepicker/GMImagePickerController.m"; sourceTree = "<group>"; fileEncoding = 4; lastKnownFileType = sourcecode.c.objc; explicitFileType = undefined; includeInIndex = 0; };
		2F87A3275B11434AADA38649 /* PSYBlockTimer.m */ = {isa = PBXFileReference; name = "PSYBlockTimer.m"; path = "cordova-plugin-telerik-imagepicker/PSYBlockTimer.m"; sourceTree = "<group>"; fileEncoding = 4; lastKnownFileType = sourcecode.c.objc; explicitFileType = undefined; includeInIndex = 0; };
		AA2F99DA15644AD396615C72 /* GMPHAsset.m */ = {isa = PBXFileReference; name = "GMPHAsset.m"; path = "cordova-plugin-telerik-imagepicker/GMPHAsset.m"; sourceTree = "<group>"; fileEncoding = 4; lastKnownFileType = sourcecode.c.objc; explicitFileType = undefined; includeInIndex = 0; };
		7C1CEEBF4B224D3A896027A3 /* SOSPicker.h */ = {isa = PBXFileReference; name = "SOSPicker.h"; path = "cordova-plugin-telerik-imagepicker/SOSPicker.h"; sourceTree = "<group>"; fileEncoding = 4; lastKnownFileType = sourcecode.c.h; explicitFileType = undefined; includeInIndex = 0; };
		6A05FF974EBC4FBA97C670A4 /* FeHourGlass.h */ = {isa = PBXFileReference; name = "FeHourGlass.h"; path = "cordova-plugin-telerik-imagepicker/FeHourGlass.h"; sourceTree = "<group>"; fileEncoding = 4; lastKnownFileType = sourcecode.c.h; explicitFileType = undefined; includeInIndex = 0; };
		B04F39CD165846ECA59CDC28 /* UIImage+fixOrientation.h */ = {isa = PBXFileReference; name = "UIImage+fixOrientation.h"; path = "cordova-plugin-telerik-imagepicker/UIImage+fixOrientation.h"; sourceTree = "<group>"; fileEncoding = 4; lastKnownFileType = sourcecode.c.h; explicitFileType = undefined; includeInIndex = 0; };
		44DE63355753495BB39D3C61 /* GMAlbumsViewCell.h */ = {isa = PBXFileReference; name = "GMAlbumsViewCell.h"; path = "cordova-plugin-telerik-imagepicker/GMAlbumsViewCell.h"; sourceTree = "<group>"; fileEncoding = 4; lastKnownFileType = sourcecode.c.h; explicitFileType = undefined; includeInIndex = 0; };
		B2C06FA619344CACA8B5F33A /* GMAlbumsViewController.h */ = {isa = PBXFileReference; name = "GMAlbumsViewController.h"; path = "cordova-plugin-telerik-imagepicker/GMAlbumsViewController.h"; sourceTree = "<group>"; fileEncoding = 4; lastKnownFileType = sourcecode.c.h; explicitFileType = undefined; includeInIndex = 0; };
		9D0826B8D7A44A79AD7C0C7F /* GMFetchItem.h */ = {isa = PBXFileReference; name = "GMFetchItem.h"; path = "cordova-plugin-telerik-imagepicker/GMFetchItem.h"; sourceTree = "<group>"; fileEncoding = 4; lastKnownFileType = sourcecode.c.h; explicitFileType = undefined; includeInIndex = 0; };
		052196C605094928B5C6A06F /* GMGridViewCell.h */ = {isa = PBXFileReference; name = "GMGridViewCell.h"; path = "cordova-plugin-telerik-imagepicker/GMGridViewCell.h"; sourceTree = "<group>"; fileEncoding = 4; lastKnownFileType = sourcecode.c.h; explicitFileType = undefined; includeInIndex = 0; };
		BF856242C0324FD6965B9672 /* GMGridViewController.h */ = {isa = PBXFileReference; name = "GMGridViewController.h"; path = "cordova-plugin-telerik-imagepicker/GMGridViewController.h"; sourceTree = "<group>"; fileEncoding = 4; lastKnownFileType = sourcecode.c.h; explicitFileType = undefined; includeInIndex = 0; };
		A43AD878A3CD4AC48EFAD178 /* GMImagePickerController.h */ = {isa = PBXFileReference; name = "GMImagePickerController.h"; path = "cordova-plugin-telerik-imagepicker/GMImagePickerController.h"; sourceTree = "<group>"; fileEncoding = 4; lastKnownFileType = sourcecode.c.h; explicitFileType = undefined; includeInIndex = 0; };
		89D61281B2864840B66AD461 /* PSYBlockTimer.h */ = {isa = PBXFileReference; name = "PSYBlockTimer.h"; path = "cordova-plugin-telerik-imagepicker/PSYBlockTimer.h"; sourceTree = "<group>"; fileEncoding = 4; lastKnownFileType = sourcecode.c.h; explicitFileType = undefined; includeInIndex = 0; };
		DE7076DE1EAB49C1AD6E978C /* GMPHAsset.h */ = {isa = PBXFileReference; name = "GMPHAsset.h"; path = "cordova-plugin-telerik-imagepicker/GMPHAsset.h"; sourceTree = "<group>"; fileEncoding = 4; lastKnownFileType = sourcecode.c.h; explicitFileType = undefined; includeInIndex = 0; };
		A5036A1DABBD4756A7888EFB /* GMEmptyFolder@1x.png */ = {isa = PBXFileReference; name = "GMEmptyFolder@1x.png"; path = "GMEmptyFolder@1x.png"; sourceTree = "<group>"; fileEncoding = undefined; lastKnownFileType = unknown; explicitFileType = undefined; includeInIndex = 0; };
		8B61DAA497FE4E54B2D781D2 /* GMEmptyFolder@2x.png */ = {isa = PBXFileReference; name = "GMEmptyFolder@2x.png"; path = "GMEmptyFolder@2x.png"; sourceTree = "<group>"; fileEncoding = undefined; lastKnownFileType = unknown; explicitFileType = undefined; includeInIndex = 0; };
		4F610544484642998E786F9F /* GMSelected.png */ = {isa = PBXFileReference; name = "GMSelected.png"; path = "GMSelected.png"; sourceTree = "<group>"; fileEncoding = undefined; lastKnownFileType = unknown; explicitFileType = undefined; includeInIndex = 0; };
		561506B2C79A400491EEFFE4 /* GMSelected@2x.png */ = {isa = PBXFileReference; name = "GMSelected@2x.png"; path = "GMSelected@2x.png"; sourceTree = "<group>"; fileEncoding = undefined; lastKnownFileType = unknown; explicitFileType = undefined; includeInIndex = 0; };
		83337E92A78F415C9AD2606B /* GMVideoIcon.png */ = {isa = PBXFileReference; name = "GMVideoIcon.png"; path = "GMVideoIcon.png"; sourceTree = "<group>"; fileEncoding = undefined; lastKnownFileType = unknown; explicitFileType = undefined; includeInIndex = 0; };
		75E24BF882174C88B98F0ED1 /* GMVideoIcon@2x.png */ = {isa = PBXFileReference; name = "GMVideoIcon@2x.png"; path = "GMVideoIcon@2x.png"; sourceTree = "<group>"; fileEncoding = undefined; lastKnownFileType = unknown; explicitFileType = undefined; includeInIndex = 0; };
		9DFB9154DD3A47F5BE5DC3DB /* ca.lproj */ = {isa = PBXFileReference; name = "ca.lproj"; path = "ca.lproj"; sourceTree = "<group>"; fileEncoding = undefined; lastKnownFileType = unknown; explicitFileType = undefined; includeInIndex = 0; };
		07F495389C674344A5AD72DF /* de.lproj */ = {isa = PBXFileReference; name = "de.lproj"; path = "de.lproj"; sourceTree = "<group>"; fileEncoding = undefined; lastKnownFileType = unknown; explicitFileType = undefined; includeInIndex = 0; };
		79578AB7253846F5ABF854F6 /* en.lproj */ = {isa = PBXFileReference; name = "en.lproj"; path = "en.lproj"; sourceTree = "<group>"; fileEncoding = undefined; lastKnownFileType = unknown; explicitFileType = undefined; includeInIndex = 0; };
		18BAA8BC55C94CD5B47711C9 /* es.lproj */ = {isa = PBXFileReference; name = "es.lproj"; path = "es.lproj"; sourceTree = "<group>"; fileEncoding = undefined; lastKnownFileType = unknown; explicitFileType = undefined; includeInIndex = 0; };
		342A51F72FB14105B8D59979 /* fr.lproj */ = {isa = PBXFileReference; name = "fr.lproj"; path = "fr.lproj"; sourceTree = "<group>"; fileEncoding = undefined; lastKnownFileType = unknown; explicitFileType = undefined; includeInIndex = 0; };
		69E08335B0FB4B0E9B4F304A /* it.lproj */ = {isa = PBXFileReference; name = "it.lproj"; path = "it.lproj"; sourceTree = "<group>"; fileEncoding = undefined; lastKnownFileType = unknown; explicitFileType = undefined; includeInIndex = 0; };
		D608691028A843EA92D70AD7 /* pt.lproj */ = {isa = PBXFileReference; name = "pt.lproj"; path = "pt.lproj"; sourceTree = "<group>"; fileEncoding = undefined; lastKnownFileType = unknown; explicitFileType = undefined; includeInIndex = 0; };
		27D1FCD76B304F3F9AE4672A /* pl.lproj */ = {isa = PBXFileReference; name = "pl.lproj"; path = "pl.lproj"; sourceTree = "<group>"; fileEncoding = undefined; lastKnownFileType = unknown; explicitFileType = undefined; includeInIndex = 0; };
		7B6F2CAD734C4357973D4CB6 /* zh-Hans.lproj */ = {isa = PBXFileReference; name = "zh-Hans.lproj"; path = "zh-Hans.lproj"; sourceTree = "<group>"; fileEncoding = undefined; lastKnownFileType = unknown; explicitFileType = undefined; includeInIndex = 0; };
		0E2FF153033A4D68B7B0BE34 /* Accelerate.framework */ = {isa = PBXFileReference; name = "Accelerate.framework"; path = "System/Library/Frameworks/Accelerate.framework"; sourceTree = SDKROOT; fileEncoding = undefined; lastKnownFileType = wrapper.framework; explicitFileType = undefined; includeInIndex = 0; };
		E709F56DED464A81ADC7F765 /* Photos.framework */ = {isa = PBXFileReference; name = "Photos.framework"; path = "System/Library/Frameworks/Photos.framework"; sourceTree = SDKROOT; fileEncoding = undefined; lastKnownFileType = wrapper.framework; explicitFileType = undefined; includeInIndex = 0; };
		C55C702A378E428AA7BA320B /* CDVBarcodeScanner.mm */ = {isa = PBXFileReference; name = "CDVBarcodeScanner.mm"; path = "phonegap-plugin-barcodescanner/CDVBarcodeScanner.mm"; sourceTree = "<group>"; fileEncoding = undefined; lastKnownFileType = unknown; explicitFileType = undefined; includeInIndex = 0; };
		663BD42BBF3F45C9B0855D3D /* scannerOverlay.xib */ = {isa = PBXFileReference; name = "scannerOverlay.xib"; path = "scannerOverlay.xib"; sourceTree = "<group>"; fileEncoding = undefined; lastKnownFileType = file.xib; explicitFileType = undefined; includeInIndex = 0; };
		C59654F94DA34BCBBDC8EDD7 /* CDVBarcodeScanner.bundle */ = {isa = PBXFileReference; name = "CDVBarcodeScanner.bundle"; path = "CDVBarcodeScanner.bundle"; sourceTree = "<group>"; fileEncoding = undefined; lastKnownFileType = wrapper.plug-in; explicitFileType = undefined; includeInIndex = 0; };
		D0FF8F047D2D46B8B58A9B81 /* AudioToolbox.framework */ = {isa = PBXFileReference; name = "AudioToolbox.framework"; path = "System/Library/Frameworks/AudioToolbox.framework"; sourceTree = SDKROOT; fileEncoding = undefined; lastKnownFileType = wrapper.framework; explicitFileType = undefined; includeInIndex = 0; };
/* End PBXFileReference section */

/* Begin PBXFrameworksBuildPhase section */
		1D60588F0D05DD3D006BFB54 /* Frameworks */ = {
			isa = PBXFrameworksBuildPhase;
			buildActionMask = 2147483647;
			files = (
				301BF552109A68D80062928A /* libCordova.a in Frameworks */,
				62E397E346C4430AAE575DC8 /* CoreBluetooth.framework in Frameworks */,
				580119484E99444DB44D51B8 /* ImageIO.framework in Frameworks */,
				BFDAB904A25342368CA9A49B /* CoreLocation.framework in Frameworks */,
				675A866AB2364EAB986F0495 /* AVFoundation.framework in Frameworks */,
				0C152D93CB2A436E8A867BBC /* QuartzCore.framework in Frameworks */,
				A856CA2735344623A4C6006B /* MessageUI.framework in Frameworks */,
				5D71AC7F758C4A5BA499D684 /* libc++.tbd in Frameworks */,
				38A09298E96845AE8EC12DDF /* libz.tbd in Frameworks */,
				A978B18249924C83A49660EA /* AddressBook.framework in Frameworks */,
				BEAFE0153669447F93E2DC97 /* libsqlite3.0.tbd in Frameworks */,
				4120FA6E8AA54795B0DB10EA /* Security.framework in Frameworks */,
				345FB67CBB8A4C0F86A1AC0D /* CoreText.framework in Frameworks */,
				8639E11D737443FEAFC9BEE2 /* SafariServices.framework in Frameworks */,
				E797974A365B4DF180AFCED7 /* SystemConfiguration.framework in Frameworks */,
				BE6AFA8EC9534273AE595FC8 /* libz.dylib in Frameworks */,
				52E314C9A97A4CBD988B2FAE /* WebKit.framework in Frameworks */,
				6A04FDB598454653AA8A07A8 /* CoreTelephony.framework in Frameworks */,
				488838AE0E1646DDB7569899 /* Speech.framework in Frameworks */,
				253ECEA297FD47F6B7918C97 /* Accelerate.framework in Frameworks */,
				CD5A3B2C5E7045448D31E96E /* Photos.framework in Frameworks */,
				71CE0CBF2B414641BA4A5817 /* AudioToolbox.framework in Frameworks */,
			);
			runOnlyForDeploymentPostprocessing = 0;
		};
/* End PBXFrameworksBuildPhase section */

/* Begin PBXGroup section */
		080E96DDFE201D6D7F000001 /* Classes */ = {
			isa = PBXGroup;
			children = (
				302D95EE14D2391D003F00A1 /* MainViewController.h */,
				302D95EF14D2391D003F00A1 /* MainViewController.m */,
				302D95F014D2391D003F00A1 /* MainViewController.xib */,
				1D3623240D0F684500981E51 /* AppDelegate.h */,
				1D3623250D0F684500981E51 /* AppDelegate.m */,
			);
			name = Classes;
			path = "MyApp/Classes";
			sourceTree = SOURCE_ROOT;
		};
		19C28FACFE9D520D11CA2CBB /* Products */ = {
			isa = PBXGroup;
			children = (
				1D6058910D05DD3D006BFB54 /* MyApp.app */,
			);
			name = Products;
			sourceTree = "<group>";
		};
		29B97314FDCFA39411CA2CEA /* CustomTemplate */ = {
			isa = PBXGroup;
			children = (
				EB87FDF41871DAF40020F90C /* config.xml */,
				EB87FDF31871DA8E0020F90C /* www */,
				EB87FDF11871DA420020F90C /* Staging */,
				301BF52D109A57CC0062928A /* CordovaLib/CordovaLib.xcodeproj */,
				080E96DDFE201D6D7F000001 /* Classes */,
				307C750510C5A3420062BCA9 /* Plugins */,
				29B97315FDCFA39411CA2CEA /* Other Sources */,
				29B97317FDCFA39411CA2CEA /* Resources */,
				29B97323FDCFA39411CA2CEA /* Frameworks */,
				19C28FACFE9D520D11CA2CBB /* Products */,
			);
			name = CustomTemplate;
			sourceTree = "<group>";
		};
		29B97315FDCFA39411CA2CEA /* Other Sources */ = {
			isa = PBXGroup;
			children = (
				32CA4F630368D1EE00C91783 /* MyApp-Prefix.pch */,
				29B97316FDCFA39411CA2CEA /* main.m */,
				ED33DF2A687741AEAF9F8254 /* Bridging-Header.h */,
			);
			name = "Other Sources";
			path = "MyApp";
			sourceTree = "<group>";
		};
		29B97317FDCFA39411CA2CEA /* Resources */ = {
			isa = PBXGroup;
			children = (
				0207DA571B56EA530066E2B4 /* Images.xcassets */,
				3047A50E1AB8057F00498E2A /* config */,
				8D1107310486CEB800E47090 /* MyApp-Info.plist */,
				6AFF5BF81D6E424B00AB3073 /* CDVLaunchScreen.storyboard */,
				ED36F8B0B1F54EAF8D6EDD51 /* PEPhotoCropEditor.bundle */,
				724BC907D8DD43D0AE3C3144 /* GoogleService-Info.plist */,
				A5036A1DABBD4756A7888EFB /* GMEmptyFolder@1x.png */,
				8B61DAA497FE4E54B2D781D2 /* GMEmptyFolder@2x.png */,
				4F610544484642998E786F9F /* GMSelected.png */,
				561506B2C79A400491EEFFE4 /* GMSelected@2x.png */,
				83337E92A78F415C9AD2606B /* GMVideoIcon.png */,
				75E24BF882174C88B98F0ED1 /* GMVideoIcon@2x.png */,
				9DFB9154DD3A47F5BE5DC3DB /* ca.lproj */,
				07F495389C674344A5AD72DF /* de.lproj */,
				79578AB7253846F5ABF854F6 /* en.lproj */,
				18BAA8BC55C94CD5B47711C9 /* es.lproj */,
				342A51F72FB14105B8D59979 /* fr.lproj */,
				69E08335B0FB4B0E9B4F304A /* it.lproj */,
				D608691028A843EA92D70AD7 /* pt.lproj */,
				27D1FCD76B304F3F9AE4672A /* pl.lproj */,
				7B6F2CAD734C4357973D4CB6 /* zh-Hans.lproj */,
				663BD42BBF3F45C9B0855D3D /* scannerOverlay.xib */,
				C59654F94DA34BCBBDC8EDD7 /* CDVBarcodeScanner.bundle */,
			);
			name = Resources;
			path = "MyApp/Resources";
			sourceTree = "<group>";
		};
		29B97323FDCFA39411CA2CEA /* Frameworks */ = {
			isa = PBXGroup;
			children = (
				99A3D811ADC14DBDB4672B77 /* CoreBluetooth.framework */,
				CA8128AFDD0E4BE3A36349BB /* ImageIO.framework */,
				EF0C60382F7B4A809F4E214E /* CoreLocation.framework */,
				7095D8EE913E4EBD81B5981A /* AVFoundation.framework */,
				DFFA98895EEB4BF389901231 /* QuartzCore.framework */,
				DE991F070FAB472185A6E897 /* MessageUI.framework */,
				85A0D952A8F24131B71ABC97 /* libc++.tbd */,
				19119C704BE649EEADA7ECF1 /* libz.tbd */,
				571EADFEC77C477FB50DBC8A /* AddressBook.framework */,
				FE602B9619FD4F6A81004AA3 /* libsqlite3.0.tbd */,
				6CA80851744F48F789641AE5 /* Security.framework */,
				68B875B85BF94D7389D7B2B8 /* CoreText.framework */,
				D55C5F6737D04F77B956E714 /* SafariServices.framework */,
				539A48D433F64A8EBF495E42 /* SystemConfiguration.framework */,
				880FE148A3E04B6DA2DD4966 /* libz.dylib */,
				C900A2FF3F224EAFB82E2174 /* WebKit.framework */,
				EDD5881E77F54402BB4884C3 /* CoreTelephony.framework */,
				136A180D75E542F393F868B1 /* Speech.framework */,
				0E2FF153033A4D68B7B0BE34 /* Accelerate.framework */,
				E709F56DED464A81ADC7F765 /* Photos.framework */,
				D0FF8F047D2D46B8B58A9B81 /* AudioToolbox.framework */,
			);
			name = Frameworks;
			sourceTree = "<group>";
		};
		301BF52E109A57CC0062928A /* Products */ = {
			isa = PBXGroup;
			children = (
				301BF535109A57CC0062928A /* libCordova.a */,
				907D8124214C687600058A10 /* Cordova.framework */,
			);
			name = Products;
			sourceTree = "<group>";
		};
		3047A50E1AB8057F00498E2A /* config */ = {
			isa = PBXGroup;
			children = (
				3047A50F1AB8059700498E2A /* build-debug.xcconfig */,
				3047A5101AB8059700498E2A /* build-release.xcconfig */,
				3047A5111AB8059700498E2A /* build.xcconfig */,
			);
			name = config;
			sourceTree = "<group>";
		};
		307C750510C5A3420062BCA9 /* Plugins */ = {
			isa = PBXGroup;
			children = (
				CB04B64387C6438994250609 /* CFCallNumber.m */,
				318A91A5457B49CB80CFA30A /* CFCallNumber.h */,
				BD7255EA361748DE916F2701 /* NativePageTransitions.m */,
				EA913B4DFEA146EE9EB550B5 /* AppDelegate+nativepagetransitions.m */,
				F9985D465C1B494EBFA590C8 /* NativePageTransitions.h */,
				C68D19002A1A4FD4A3A7336F /* AppDelegate+nativepagetransitions.h */,
				F3A3872625C34EBABF259579 /* MEGBluetoothSerial.m */,
				E3A8B1BFFE6940BCA0A2FEC1 /* CBPeripheral+BTSExtensions.m */,
				8DE7DF0EC6554A49AC7C69E2 /* BLE.m */,
				E370B1E607B243C68EA72F84 /* MEGBluetoothSerial.h */,
				265E3A45299B48399B3CA306 /* CBPeripheral+BTSExtensions.h */,
				13D317FBBE974E6E8973D805 /* BLE.h */,
				D34665C9E44E44C28D1CF179 /* BLEDefines.h */,
				B3035B545A92496FA0B66A29 /* UIImage+CropScaleOrientation.m */,
				B07512350F044A0DBD363488 /* CDVCamera.m */,
				0D08F7F7E37F4FA1BB40E0C2 /* CDVJpegHeaderWriter.m */,
				12E82F1C767A4E8891655CE4 /* UIImage+CropScaleOrientation.h */,
				087E6B1D5DD245A8B2BC4F76 /* CDVCamera.h */,
				F742163D1A1F4F038615DC89 /* CDVJpegHeaderWriter.h */,
				12142C2D1A61417ABA7DEA7D /* CDVExif.h */,
				D2BAF7C7A498423686EF8284 /* CTCrop.m */,
				6E566FB6A66148A58C34C355 /* PECropRectView.m */,
				3A22BA4C87D74408AE988494 /* PECropView.m */,
				C3423313986640C29CA6FCEC /* PECropViewController.m */,
				B56F4EB27EDD4AF2B7B07ADF /* PEResizeControl.m */,
				D953158C91FD4BEA8CAE6A1F /* UIImage+PECrop.m */,
				C11C2180EC8D4E88A917BCFB /* CTCrop.h */,
				979DB70571314C9B9E15A7ED /* PECropRectView.h */,
				818D0AA5A53D4DC7A7D586E8 /* PECropView.h */,
				8D563195A6164F9B9AB14E86 /* PECropViewController.h */,
				93995443728040EBB77D8CC7 /* PEResizeControl.h */,
				C4437FECF00A43AEB3ADA146 /* UIImage+PECrop.h */,
				CA6E288F5C6149F3BADEC8C8 /* CDVDevice.m */,
				9B740F5113634A88A02264AF /* CDVDevice.h */,
				058B782B2CBD4859982E333E /* APPEmailComposer.m */,
				E73CD2CF75E4407E8623F0B4 /* APPEmailComposerImpl.m */,
				C29A64C323904B968D737FDE /* APPEmailComposer.h */,
				156F0339079E46AB86227FC8 /* APPEmailComposerImpl.h */,
				98FA3F5E575F48A798834B67 /* FCMPlugin.m */,
				F656074760704D5292681695 /* AppDelegate+FCMPlugin.m */,
				A9D33534C7D045A0882E8757 /* FCMPluginIOS9Support.m */,
				04D101DB98B14AAF98DC2615 /* FCMNotificationCenterDelegate.m */,
				B8277D31824D4034806100B7 /* FCMPlugin.h */,
				FBF71A14DF5F4A7AA731F055 /* AppDelegate+FCMPlugin.h */,
				81FCBD9EB25C45D3A66191BD /* FCMPluginIOS9Support.h */,
				A61C751445BD4422AE76B525 /* FCMNotificationCenterDelegate.h */,
				C9B61AFE355E4B2A96F99C1A /* CDVFile.m */,
				5EEB58FC144845A0ACB5EDC0 /* CDVLocalFilesystem.m */,
				34765E322805409CBB9956A6 /* CDVAssetLibraryFilesystem.m */,
				2486769BCF67458DB5C8F32B /* CDVFile.h */,
				8CB47F36EEA34B2793F90D29 /* CDVLocalFilesystem.h */,
				C0EF46A0AFFC4C6CBFE1306A /* CDVAssetLibraryFilesystem.h */,
				555A0C1E43F6464AA1E6B763 /* CDVFileTransfer.m */,
				3E57E986554346E4818C72AD /* CDVFileTransfer.h */,
				000E9919DA9F4174BE8D0E28 /* GooglePlus.m */,
				4E428415EFF54FF98B18D960 /* GooglePlus.h */,
				A328A1ACEEB946A7AA099702 /* CDVIonicKeyboard.m */,
				394805AAC7C948E2B34D1EDB /* CDVIonicKeyboard.h */,
				7E5D139C016E485BAA691945 /* CDVWKWebViewEngine.m */,
				52C20C2B5E12470295E88BAB /* CDVWKWebViewUIDelegate.m */,
				0881462E2FCA4A748A0CB800 /* CDVWKProcessPoolFactory.m */,
				E2796DC231194C62A25CEA71 /* IONAssetHandler.m */,
				791B5680FBD64B8CA7AECBC0 /* CDVWKWebViewEngine.h */,
				4086805DD3C8490A840A830A /* CDVWKWebViewUIDelegate.h */,
				D4BEE65678FA4B6691793D67 /* CDVWKProcessPoolFactory.h */,
				9CBF4EFB9C434CB9B30F70ED /* IONAssetHandler.h */,
				963759A33A974C20A92C9FDA /* CDVConnection.m */,
				016CF9D4B0C040C395D52AE9 /* CDVReachability.m */,
				E38C7F92903A47DAA9AA2D41 /* CDVConnection.h */,
				454E5E521878483DBE2DDDEB /* CDVReachability.h */,
				2E5EA3360BF1425CA870D030 /* APPPrinter.m */,
				BD1040C92D4D412482D6B0C8 /* APPPrinterInfo.m */,
				7E4C5FAC2C154F898CCBF962 /* APPPrinterItem.m */,
				64A8E803FACC4FB99C6AE693 /* APPPrinterLayout.m */,
				041C1FD79B4849459FA7FC42 /* APPPrinterPaper.m */,
				BE738BD37929484A97BEBAC0 /* APPPrinterRenderer.m */,
				15E9387144E74C5BA0EC52AA /* APPPrinterFont.m */,
				FE1A7DB4C49249F981ABFE08 /* APPPrinterUnit.m */,
				84D2B64867D2409AA368CC2A /* UIPrintInteractionController+APPPrinter.m */,
				0D908175936741EC9495699A /* APPPrinter.h */,
				A10B8A7255A44835A990A3B4 /* APPPrinterInfo.h */,
				7755C774F6D44FE3BEDB9CB7 /* APPPrinterItem.h */,
				6C6F108E1BA04049A54561F2 /* APPPrinterLayout.h */,
				03580C98421C42FC87CB3F67 /* APPPrinterPaper.h */,
				8E4A72816AB84E2CAC143423 /* APPPrinterRenderer.h */,
				C4226115C7E243EA9442FA9D /* APPPrinterFont.h */,
				AEB78025D89E4689BF728D05 /* APPPrinterUnit.h */,
				4E858A22BFDD44A5B1ACF376 /* UIPrintInteractionController+APPPrinter.h */,
				C1FE801672E8431DAA35DE9C /* SpeechRecognition.m */,
				4135638AFA6F46EC9B5CD74F /* SpeechRecognition.h */,
				63B3E8BE4C524BFBAD663446 /* CDVStatusBar.m */,
				00A888ABB90B4A2FBA5994B1 /* CDVStatusBar.h */,
				D56C901CB6DF40858EDEC7BD /* SOSPicker.m */,
				D1BC9BD349C44EAE95FFB7E4 /* FeHourGlass.m */,
				ACA0040D4259452787DFDC6C /* UIImage+fixOrientation.m */,
				2A6C854400754C57B8B21989 /* GMAlbumsViewCell.m */,
				AB5A02C344F2447C925E590D /* GMAlbumsViewController.m */,
				9ECF23ACBC4D428C9B24115A /* GMFetchItem.m */,
				4F4F190155134ED6B9B09E8D /* GMGridViewCell.m */,
				EDE01DA1958B431C8FBB5ABF /* GMGridViewController.m */,
				12DC60CB30854ED4BC26EC29 /* GMImagePickerController.m */,
				2F87A3275B11434AADA38649 /* PSYBlockTimer.m */,
				AA2F99DA15644AD396615C72 /* GMPHAsset.m */,
				7C1CEEBF4B224D3A896027A3 /* SOSPicker.h */,
				6A05FF974EBC4FBA97C670A4 /* FeHourGlass.h */,
				B04F39CD165846ECA59CDC28 /* UIImage+fixOrientation.h */,
				44DE63355753495BB39D3C61 /* GMAlbumsViewCell.h */,
				B2C06FA619344CACA8B5F33A /* GMAlbumsViewController.h */,
				9D0826B8D7A44A79AD7C0C7F /* GMFetchItem.h */,
				052196C605094928B5C6A06F /* GMGridViewCell.h */,
				BF856242C0324FD6965B9672 /* GMGridViewController.h */,
				A43AD878A3CD4AC48EFAD178 /* GMImagePickerController.h */,
				89D61281B2864840B66AD461 /* PSYBlockTimer.h */,
				DE7076DE1EAB49C1AD6E978C /* GMPHAsset.h */,
				C55C702A378E428AA7BA320B /* CDVBarcodeScanner.mm */,
			);
			name = Plugins;
			path = "MyApp/Plugins";
			sourceTree = SOURCE_ROOT;
		};
		EB87FDF11871DA420020F90C /* Staging */ = {
			isa = PBXGroup;
			children = (
				F840E1F0165FE0F500CFE078 /* config.xml */,
				301BF56E109A69640062928A /* www */,
			);
			name = Staging;
			sourceTree = "<group>";
		};
/* End PBXGroup section */

/* Begin PBXNativeTarget section */
		1D6058900D05DD3D006BFB54 /* MyApp */ = {
			isa = PBXNativeTarget;
			buildConfigurationList = 1D6058960D05DD3E006BFB54 /* Build configuration list for PBXNativeTarget "MyApp" */;
			buildPhases = (
				304B58A110DAC018002A0835 /* Copy www directory */,
				1D60588D0D05DD3D006BFB54 /* Resources */,
				1D60588E0D05DD3D006BFB54 /* Sources */,
				1D60588F0D05DD3D006BFB54 /* Frameworks */,
			);
			buildRules = (
			);
			dependencies = (
				301BF551109A68C00062928A /* PBXTargetDependency */,
			);
			name = "MyApp";
			productName = "MyApp";
			productReference = 1D6058910D05DD3D006BFB54 /* MyApp.app */;
			productType = "com.apple.product-type.application";
		};
/* End PBXNativeTarget section */

/* Begin PBXProject section */
		29B97313FDCFA39411CA2CEA /* Project object */ = {
			isa = PBXProject;
			attributes = {
				LastUpgradeCheck = 1130;
				TargetAttributes = {
					1D6058900D05DD3D006BFB54 = {
						ProvisioningStyle = Automatic;
					};
				};
			};
			buildConfigurationList = C01FCF4E08A954540054247B /* Build configuration list for PBXProject "MyApp" */;
			compatibilityVersion = "Xcode 11.0";
			developmentRegion = en;
			hasScannedForEncodings = 1;
			knownRegions = (
				en,
				Base,
			);
			mainGroup = 29B97314FDCFA39411CA2CEA /* CustomTemplate */;
			projectDirPath = "";
			projectReferences = (
				{
					ProductGroup = 301BF52E109A57CC0062928A /* Products */;
					ProjectRef = 301BF52D109A57CC0062928A /* CordovaLib/CordovaLib.xcodeproj */;
				},
			);
			projectRoot = "";
			targets = (
				1D6058900D05DD3D006BFB54 /* MyApp */,
			);
		};
/* End PBXProject section */

/* Begin PBXReferenceProxy section */
		301BF535109A57CC0062928A /* libCordova.a */ = {
			isa = PBXReferenceProxy;
			fileType = archive.ar;
			path = libCordova.a;
			remoteRef = 301BF534109A57CC0062928A /* PBXContainerItemProxy */;
			sourceTree = BUILT_PRODUCTS_DIR;
		};
		907D8124214C687600058A10 /* Cordova.framework */ = {
			isa = PBXReferenceProxy;
			fileType = wrapper.framework;
			path = Cordova.framework;
			remoteRef = 907D8123214C687600058A10 /* PBXContainerItemProxy */;
			sourceTree = BUILT_PRODUCTS_DIR;
		};
/* End PBXReferenceProxy section */

/* Begin PBXResourcesBuildPhase section */
		1D60588D0D05DD3D006BFB54 /* Resources */ = {
			isa = PBXResourcesBuildPhase;
			buildActionMask = 2147483647;
			files = (
				302D95F214D2391D003F00A1 /* MainViewController.xib in Resources */,
				0207DA581B56EA530066E2B4 /* Images.xcassets in Resources */,
				6AFF5BF91D6E424B00AB3073 /* CDVLaunchScreen.storyboard in Resources */,
				BD31AA357AF84F10B37D8312 /* PEPhotoCropEditor.bundle in Resources */,
				7B3A2BD2649143C7B7814628 /* GoogleService-Info.plist in Resources */,
				91B11A02AE724182AE914482 /* GMEmptyFolder@1x.png in Resources */,
				90F91CA08AC94C7CA8071C5A /* GMEmptyFolder@2x.png in Resources */,
				F4328792C7D84E388D0E7353 /* GMSelected.png in Resources */,
				7FB4061061E34D4D9ACBF60D /* GMSelected@2x.png in Resources */,
				1FBE713D2D744E9E80A3F19C /* GMVideoIcon.png in Resources */,
				5A1603EC30564E258096315B /* GMVideoIcon@2x.png in Resources */,
				9DEA03380627443C8CB4AEDB /* ca.lproj in Resources */,
				C0E2872EADC64A0FAC7EB718 /* de.lproj in Resources */,
				CDE37EA8A6DB4AF0A8AD5387 /* en.lproj in Resources */,
				95877A809B664F1E8F1761A4 /* es.lproj in Resources */,
				1B3EBBC04E9840239203B089 /* fr.lproj in Resources */,
				F1E0EAF9FF394408963FBE7D /* it.lproj in Resources */,
				5E4105F475504D24ACC59620 /* pt.lproj in Resources */,
				EEFB8B16D3664670959714F0 /* pl.lproj in Resources */,
				37FA005253FE4B40ABA13DD7 /* zh-Hans.lproj in Resources */,
				3C16FCBEB3114BFBBDE6CC63 /* scannerOverlay.xib in Resources */,
				15B1388878D44D469BC277CA /* CDVBarcodeScanner.bundle in Resources */,
			);
			runOnlyForDeploymentPostprocessing = 0;
		};
/* End PBXResourcesBuildPhase section */

/* Begin PBXShellScriptBuildPhase section */
		304B58A110DAC018002A0835 /* Copy www directory */ = {
			isa = PBXShellScriptBuildPhase;
			buildActionMask = 2147483647;
			files = (
			);
			inputPaths = (
			);
			name = "Copy www directory";
			outputPaths = (
			);
			runOnlyForDeploymentPostprocessing = 0;
			shellPath = /bin/sh;
			shellScript = "\"$SRCROOT/MyApp/Scripts/copy-www-build-step.sh\"";
			showEnvVarsInLog = 0;
		};
/* End PBXShellScriptBuildPhase section */

/* Begin PBXSourcesBuildPhase section */
		1D60588E0D05DD3D006BFB54 /* Sources */ = {
			isa = PBXSourcesBuildPhase;
			buildActionMask = 2147483647;
			files = (
				1D60589B0D05DD56006BFB54 /* main.m in Sources */,
				1D3623260D0F684500981E51 /* AppDelegate.m in Sources */,
				302D95F114D2391D003F00A1 /* MainViewController.m in Sources */,
				2422ADFC023B489F867EECE4 /* CFCallNumber.m in Sources */,
				D26048796E7F473DB136D6B7 /* NativePageTransitions.m in Sources */,
				7E7CDFF37A8A4FCEBD57646A /* AppDelegate+nativepagetransitions.m in Sources */,
				F521993D05FA4630AD51ABE3 /* MEGBluetoothSerial.m in Sources */,
				E51825A0759B4A829347662F /* CBPeripheral+BTSExtensions.m in Sources */,
				8BB9D2C134DB48F8A65F130D /* BLE.m in Sources */,
				F4EF1CEC9D164BBD9A6D676A /* UIImage+CropScaleOrientation.m in Sources */,
				971712C0FF304E4089E21FB1 /* CDVCamera.m in Sources */,
				89A6F6CD1E4746B0A707A500 /* CDVJpegHeaderWriter.m in Sources */,
				8F74208E79BA451AB226B5D2 /* CTCrop.m in Sources */,
				92D7DF42ECF642C9A0A8229F /* PECropRectView.m in Sources */,
				99AEEF39AC8B47BB8D260B1B /* PECropView.m in Sources */,
				705C121DA340474F8E08AD8F /* PECropViewController.m in Sources */,
				6064EDC050D546E0BA5E7DF8 /* PEResizeControl.m in Sources */,
				4B325E6EE3FF49D3BF4A7889 /* UIImage+PECrop.m in Sources */,
				25BE83AF6B6A48F387876B73 /* CDVDevice.m in Sources */,
				EC38B36632A946A9979E1C41 /* APPEmailComposer.m in Sources */,
				1D1088F942CF425D938CFB62 /* APPEmailComposerImpl.m in Sources */,
				F7AC8DE8F0A549A49249F9E1 /* FCMPlugin.m in Sources */,
				6308C6192D4848E69F39AD8B /* AppDelegate+FCMPlugin.m in Sources */,
				4E562EB7CC904A3F95076CF9 /* FCMPluginIOS9Support.m in Sources */,
				504E8B1711654A89B3FFC38A /* FCMNotificationCenterDelegate.m in Sources */,
				C19FF1128D614400A9AAE54B /* CDVFile.m in Sources */,
				FDA0772EC952491F9A553EFB /* CDVLocalFilesystem.m in Sources */,
				FA2D94F51ADE48C9AE77ED0B /* CDVAssetLibraryFilesystem.m in Sources */,
				633374D1E9EA4E1A904E3B9A /* CDVFileTransfer.m in Sources */,
				3CBD403CEFDA404BAAA011CE /* GooglePlus.m in Sources */,
				18D1D70AE694484D81FBB5A7 /* CDVIonicKeyboard.m in Sources */,
				8B2DA41891E24043B2DF56CA /* CDVWKWebViewEngine.m in Sources */,
				E37245974244415F80C369D3 /* CDVWKWebViewUIDelegate.m in Sources */,
				7B43F5AE46544605833A08F1 /* CDVWKProcessPoolFactory.m in Sources */,
				F1282D0D1B2F4A8DA483DC07 /* IONAssetHandler.m in Sources */,
				BAAB4369F86445D18610AED5 /* CDVConnection.m in Sources */,
				1DCBEBC7DA4E4992ADB98092 /* CDVReachability.m in Sources */,
				E5DCE1CE01564BEE8D1AE210 /* APPPrinter.m in Sources */,
				5A3341977F034C27BB7BF162 /* APPPrinterInfo.m in Sources */,
				121D83EC8F0341E684D27B52 /* APPPrinterItem.m in Sources */,
				24D2429D614A4CAB83FE5DA2 /* APPPrinterLayout.m in Sources */,
				253C6FDE58924798BC8056EA /* APPPrinterPaper.m in Sources */,
				2834895158534EBE873AB829 /* APPPrinterRenderer.m in Sources */,
				2B4A47A80E444B8D84231E11 /* APPPrinterFont.m in Sources */,
				D27DCCF0D76F4D78B3A68A8B /* APPPrinterUnit.m in Sources */,
				DA3AA40E6B8543E9AD8A6190 /* UIPrintInteractionController+APPPrinter.m in Sources */,
				296DD19BB60840DBA0588139 /* SpeechRecognition.m in Sources */,
				44A90D6007EF4C78BDBCB2CE /* CDVStatusBar.m in Sources */,
				CFDD43C7A8214834A7AB0D59 /* SOSPicker.m in Sources */,
				B4BCE5864F1C4040AAA4C136 /* FeHourGlass.m in Sources */,
				D31EE32DE6E24B05881F3EE7 /* UIImage+fixOrientation.m in Sources */,
				1082E97C7F75491093D4F226 /* GMAlbumsViewCell.m in Sources */,
				9F64B933B22B4D50B6282440 /* GMAlbumsViewController.m in Sources */,
				0F8C1396B5C1468887320DF9 /* GMFetchItem.m in Sources */,
				B3C47C69C40A49BC85F74EE2 /* GMGridViewCell.m in Sources */,
				D7D3304528C54C5198A51F75 /* GMGridViewController.m in Sources */,
				5744FE92B32B4B1F97B2656F /* GMImagePickerController.m in Sources */,
				0C43127123564A0991B6B669 /* PSYBlockTimer.m in Sources */,
				2FB3CA21CB5D40F99A452061 /* GMPHAsset.m in Sources */,
				588AF4C70833433DA5F4A444 /* CDVBarcodeScanner.mm in Resources */,
			);
			runOnlyForDeploymentPostprocessing = 0;
		};
/* End PBXSourcesBuildPhase section */

/* Begin PBXTargetDependency section */
		301BF551109A68C00062928A /* PBXTargetDependency */ = {
			isa = PBXTargetDependency;
			name = CordovaLib;
			targetProxy = 301BF550109A68C00062928A /* PBXContainerItemProxy */;
		};
/* End PBXTargetDependency section */

/* Begin XCBuildConfiguration section */
		1D6058940D05DD3E006BFB54 /* Debug */ = {
			isa = XCBuildConfiguration;
			baseConfigurationReference = 3047A50F1AB8059700498E2A /* build-debug.xcconfig */;
			buildSettings = {
				ALWAYS_SEARCH_USER_PATHS = NO;
				ASSETCATALOG_COMPILER_APPICON_NAME = AppIcon;
				CLANG_ENABLE_MODULES = YES;
				CLANG_ENABLE_OBJC_ARC = YES;
				COPY_PHASE_STRIP = NO;
				GCC_DYNAMIC_NO_PIC = NO;
				GCC_OPTIMIZATION_LEVEL = 0;
				GCC_PRECOMPILE_PREFIX_HEADER = YES;
				GCC_PREFIX_HEADER = "MyApp/MyApp-Prefix.pch";
				GCC_THUMB_SUPPORT = NO;
				GCC_VERSION = "";
				INFOPLIST_FILE = "MyApp/MyApp-Info.plist";
				IPHONEOS_DEPLOYMENT_TARGET = 11.0;
				LD_RUNPATH_SEARCH_PATHS = "@executable_path/Frameworks";
				PRODUCT_BUNDLE_IDENTIFIER = io.socialup.tivity;
				PRODUCT_NAME = "$(TARGET_NAME)";
				TARGETED_DEVICE_FAMILY = "1,2";
				VALIDATE_WORKSPACE = NO;
			};
			name = Debug;
		};
		1D6058950D05DD3E006BFB54 /* Release */ = {
			isa = XCBuildConfiguration;
			baseConfigurationReference = 3047A5101AB8059700498E2A /* build-release.xcconfig */;
			buildSettings = {
				ALWAYS_SEARCH_USER_PATHS = NO;
				ASSETCATALOG_COMPILER_APPICON_NAME = AppIcon;
				CLANG_ENABLE_MODULES = YES;
				CLANG_ENABLE_OBJC_ARC = YES;
				COPY_PHASE_STRIP = YES;
				GCC_PRECOMPILE_PREFIX_HEADER = YES;
				GCC_PREFIX_HEADER = "MyApp/MyApp-Prefix.pch";
				GCC_THUMB_SUPPORT = NO;
				GCC_VERSION = "";
				INFOPLIST_FILE = "MyApp/MyApp-Info.plist";
				IPHONEOS_DEPLOYMENT_TARGET = 11.0;
				LD_RUNPATH_SEARCH_PATHS = "@executable_path/Frameworks";
				PRODUCT_BUNDLE_IDENTIFIER = io.socialup.tivity;
				PRODUCT_NAME = "$(TARGET_NAME)";
				TARGETED_DEVICE_FAMILY = "1,2";
				VALIDATE_WORKSPACE = NO;
			};
			name = Release;
		};
		C01FCF4F08A954540054247B /* Debug */ = {
			isa = XCBuildConfiguration;
			baseConfigurationReference = 3047A5111AB8059700498E2A /* build.xcconfig */;
			buildSettings = {
				CLANG_ANALYZER_LOCALIZABILITY_NONLOCALIZED = YES;
				CLANG_ENABLE_MODULES = YES;
				CLANG_ENABLE_OBJC_ARC = YES;
				CLANG_WARN_BLOCK_CAPTURE_AUTORELEASING = YES;
				CLANG_WARN_BOOL_CONVERSION = YES;
				CLANG_WARN_COMMA = YES;
				CLANG_WARN_CONSTANT_CONVERSION = YES;
				CLANG_WARN_DEPRECATED_OBJC_IMPLEMENTATIONS = YES;
				CLANG_WARN_EMPTY_BODY = YES;
				CLANG_WARN_ENUM_CONVERSION = YES;
				CLANG_WARN_INFINITE_RECURSION = YES;
				CLANG_WARN_INT_CONVERSION = YES;
				CLANG_WARN_NON_LITERAL_NULL_CONVERSION = YES;
				CLANG_WARN_OBJC_IMPLICIT_RETAIN_SELF = YES;
				CLANG_WARN_OBJC_LITERAL_CONVERSION = YES;
				CLANG_WARN_RANGE_LOOP_ANALYSIS = YES;
				CLANG_WARN_STRICT_PROTOTYPES = YES;
				CLANG_WARN_SUSPICIOUS_MOVE = YES;
				CLANG_WARN_UNREACHABLE_CODE = YES;
				CLANG_WARN__DUPLICATE_METHOD_MATCH = YES;
				ENABLE_STRICT_OBJC_MSGSEND = YES;
				ENABLE_TESTABILITY = YES;
				GCC_C_LANGUAGE_STANDARD = c99;
				GCC_NO_COMMON_BLOCKS = YES;
				GCC_THUMB_SUPPORT = NO;
				GCC_VERSION = "";
				GCC_WARN_64_TO_32_BIT_CONVERSION = YES;
				GCC_WARN_ABOUT_RETURN_TYPE = YES;
				GCC_WARN_UNDECLARED_SELECTOR = YES;
				GCC_WARN_UNINITIALIZED_AUTOS = YES;
				GCC_WARN_UNUSED_FUNCTION = YES;
				GCC_WARN_UNUSED_VARIABLE = YES;
				ONLY_ACTIVE_ARCH = YES;
				SDKROOT = iphoneos;
				SKIP_INSTALL = NO;
				WK_WEB_VIEW_ONLY = 1;
				IPHONEOS_DEPLOYMENT_TARGET = 11.0;
			};
			name = Debug;
		};
		C01FCF5008A954540054247B /* Release */ = {
			isa = XCBuildConfiguration;
			baseConfigurationReference = 3047A5111AB8059700498E2A /* build.xcconfig */;
			buildSettings = {
				CLANG_ANALYZER_LOCALIZABILITY_NONLOCALIZED = YES;
				CLANG_ENABLE_MODULES = YES;
				CLANG_ENABLE_OBJC_ARC = YES;
				CLANG_WARN_BLOCK_CAPTURE_AUTORELEASING = YES;
				CLANG_WARN_BOOL_CONVERSION = YES;
				CLANG_WARN_COMMA = YES;
				CLANG_WARN_CONSTANT_CONVERSION = YES;
				CLANG_WARN_DEPRECATED_OBJC_IMPLEMENTATIONS = YES;
				CLANG_WARN_EMPTY_BODY = YES;
				CLANG_WARN_ENUM_CONVERSION = YES;
				CLANG_WARN_INFINITE_RECURSION = YES;
				CLANG_WARN_INT_CONVERSION = YES;
				CLANG_WARN_NON_LITERAL_NULL_CONVERSION = YES;
				CLANG_WARN_OBJC_IMPLICIT_RETAIN_SELF = YES;
				CLANG_WARN_OBJC_LITERAL_CONVERSION = YES;
				CLANG_WARN_RANGE_LOOP_ANALYSIS = YES;
				CLANG_WARN_STRICT_PROTOTYPES = YES;
				CLANG_WARN_SUSPICIOUS_MOVE = YES;
				CLANG_WARN_UNREACHABLE_CODE = YES;
				CLANG_WARN__DUPLICATE_METHOD_MATCH = YES;
				ENABLE_STRICT_OBJC_MSGSEND = YES;
				GCC_C_LANGUAGE_STANDARD = c99;
				GCC_NO_COMMON_BLOCKS = YES;
				GCC_THUMB_SUPPORT = NO;
				GCC_VERSION = "";
				GCC_WARN_64_TO_32_BIT_CONVERSION = YES;
				GCC_WARN_ABOUT_RETURN_TYPE = YES;
				GCC_WARN_UNDECLARED_SELECTOR = YES;
				GCC_WARN_UNINITIALIZED_AUTOS = YES;
				GCC_WARN_UNUSED_FUNCTION = YES;
				GCC_WARN_UNUSED_VARIABLE = YES;
				SDKROOT = iphoneos;
				SKIP_INSTALL = NO;
				WK_WEB_VIEW_ONLY = 1;
				IPHONEOS_DEPLOYMENT_TARGET = 11.0;
			};
			name = Release;
		};
/* End XCBuildConfiguration section */

/* Begin XCConfigurationList section */
		1D6058960D05DD3E006BFB54 /* Build configuration list for PBXNativeTarget "MyApp" */ = {
			isa = XCConfigurationList;
			buildConfigurations = (
				1D6058940D05DD3E006BFB54 /* Debug */,
				1D6058950D05DD3E006BFB54 /* Release */,
			);
			defaultConfigurationIsVisible = 0;
			defaultConfigurationName = Release;
		};
		C01FCF4E08A954540054247B /* Build configuration list for PBXProject "MyApp" */ = {
			isa = XCConfigurationList;
			buildConfigurations = (
				C01FCF4F08A954540054247B /* Debug */,
				C01FCF5008A954540054247B /* Release */,
			);
			defaultConfigurationIsVisible = 0;
			defaultConfigurationName = Release;
		};
/* End XCConfigurationList section */
	};
	rootObject = 29B97313FDCFA39411CA2CEA /* Project object */;
}
